// !$*UTF8*$!
{
	archiveVersion = 1;
	classes = {
	};
	objectVersion = 51;
	objects = {

/* Begin PBXBuildFile section */
		2EB1AA34E8954B2E858D343C /* Pods_BestBuyVision_BestBuyVisionUITests.framework in Frameworks */ = {isa = PBXBuildFile; fileRef = 5472AB3CA540F8CF61BCF82B /* Pods_BestBuyVision_BestBuyVisionUITests.framework */; };
		57028AD32527727600051C62 /* Micro-Star International.mlmodel in Sources */ = {isa = PBXBuildFile; fileRef = 57028ACC2527727500051C62 /* Micro-Star International.mlmodel */; };
		57028AD42527727600051C62 /* ASUS.mlmodel in Sources */ = {isa = PBXBuildFile; fileRef = 57028ACD2527727500051C62 /* ASUS.mlmodel */; };
		57028AD52527727600051C62 /* Hewlett-Packard.mlmodel in Sources */ = {isa = PBXBuildFile; fileRef = 57028ACE2527727500051C62 /* Hewlett-Packard.mlmodel */; };
		57028AD62527727600051C62 /* AppleInc.mlmodel in Sources */ = {isa = PBXBuildFile; fileRef = 57028ACF2527727600051C62 /* AppleInc.mlmodel */; };
		57028AD72527727600051C62 /* Lenovo.mlmodel in Sources */ = {isa = PBXBuildFile; fileRef = 57028AD02527727600051C62 /* Lenovo.mlmodel */; };
		57028AD82527727600051C62 /* Dell.mlmodel in Sources */ = {isa = PBXBuildFile; fileRef = 57028AD12527727600051C62 /* Dell.mlmodel */; };
		57028AD92527727600051C62 /* AcerInc.mlmodel in Sources */ = {isa = PBXBuildFile; fileRef = 57028AD22527727600051C62 /* AcerInc.mlmodel */; };
		57028ADF2527727C00051C62 /* MicrosoftCorporation.mlmodel in Sources */ = {isa = PBXBuildFile; fileRef = 57028ADD2527727C00051C62 /* MicrosoftCorporation.mlmodel */; };
		57028AE02527727C00051C62 /* RazerInc.mlmodel in Sources */ = {isa = PBXBuildFile; fileRef = 57028ADE2527727C00051C62 /* RazerInc.mlmodel */; };
		57028AED2527729100051C62 /* Insignia.mlmodel in Sources */ = {isa = PBXBuildFile; fileRef = 57028AE42527728E00051C62 /* Insignia.mlmodel */; };
		57028AEE2527729100051C62 /* Jabra.mlmodel in Sources */ = {isa = PBXBuildFile; fileRef = 57028AE52527728F00051C62 /* Jabra.mlmodel */; };
		57028AEF2527729100051C62 /* AudioTechinca.mlmodel in Sources */ = {isa = PBXBuildFile; fileRef = 57028AE62527728F00051C62 /* AudioTechinca.mlmodel */; };
		57028AF02527729100051C62 /* JBL.mlmodel in Sources */ = {isa = PBXBuildFile; fileRef = 57028AE72527728F00051C62 /* JBL.mlmodel */; };
		57028AF12527729100051C62 /* BeatsElectronics.mlmodel in Sources */ = {isa = PBXBuildFile; fileRef = 57028AE82527728F00051C62 /* BeatsElectronics.mlmodel */; };
		57028AF22527729100051C62 /* BoseCorporation.mlmodel in Sources */ = {isa = PBXBuildFile; fileRef = 57028AE92527729000051C62 /* BoseCorporation.mlmodel */; };
		57028AF32527729100051C62 /* Sony.mlmodel in Sources */ = {isa = PBXBuildFile; fileRef = 57028AEA2527729000051C62 /* Sony.mlmodel */; };
		57028AF42527729100051C62 /* BangAndOlufsen.mlmodel in Sources */ = {isa = PBXBuildFile; fileRef = 57028AEB2527729000051C62 /* BangAndOlufsen.mlmodel */; };
		57028AF52527729100051C62 /* Sennheiser.mlmodel in Sources */ = {isa = PBXBuildFile; fileRef = 57028AEC2527729000051C62 /* Sennheiser.mlmodel */; };
		57028AFF2527D16E00051C62 /* MainMenuViewController.swift in Sources */ = {isa = PBXBuildFile; fileRef = 57028AFE2527D16E00051C62 /* MainMenuViewController.swift */; };
		570910EB254FA0E3005A7E9F /* NoProductsViewController.swift in Sources */ = {isa = PBXBuildFile; fileRef = 570910EA254FA0E2005A7E9F /* NoProductsViewController.swift */; };
		5716D7B9253CD91400195555 /* ProductDetailTableViewCell.swift in Sources */ = {isa = PBXBuildFile; fileRef = 5716D7B8253CD91400195555 /* ProductDetailTableViewCell.swift */; };
		5716D7BB253CD93400195555 /* ProductReviewTableViewCell.swift in Sources */ = {isa = PBXBuildFile; fileRef = 5716D7BA253CD93400195555 /* ProductReviewTableViewCell.swift */; };
		5716D7C0253CD96000195555 /* ProductVendorCompareTableViewCell.swift in Sources */ = {isa = PBXBuildFile; fileRef = 5716D7BF253CD96000195555 /* ProductVendorCompareTableViewCell.swift */; };
		5716D7EE253D083100195555 /* SearchHistoryTableViewController.swift in Sources */ = {isa = PBXBuildFile; fileRef = 5716D7ED253D083100195555 /* SearchHistoryTableViewController.swift */; };
		5742285E25676DE600290CBF /* CanonInc.mlmodel in Sources */ = {isa = PBXBuildFile; fileRef = 5742285B25676DE600290CBF /* CanonInc.mlmodel */; };
		5742285F25676DE600290CBF /* Nikon.mlmodel in Sources */ = {isa = PBXBuildFile; fileRef = 5742285C25676DE600290CBF /* Nikon.mlmodel */; };
		5742286025676DE600290CBF /* SonyDSLR.mlmodel in Sources */ = {isa = PBXBuildFile; fileRef = 5742285D25676DE600290CBF /* SonyDSLR.mlmodel */; };
		57422868256775E000290CBF /* AppleTablets.mlmodel in Sources */ = {isa = PBXBuildFile; fileRef = 57422865256775E000290CBF /* AppleTablets.mlmodel */; };
		57422869256775E000290CBF /* MicrosoftTablets.mlmodel in Sources */ = {isa = PBXBuildFile; fileRef = 57422866256775E000290CBF /* MicrosoftTablets.mlmodel */; };
		5742286A256775E000290CBF /* SamsungTablets.mlmodel in Sources */ = {isa = PBXBuildFile; fileRef = 57422867256775E000290CBF /* SamsungTablets.mlmodel */; };
		574228722567780A00290CBF /* HpPrinters.mlmodel in Sources */ = {isa = PBXBuildFile; fileRef = 5742286F2567780900290CBF /* HpPrinters.mlmodel */; };
		574228732567780A00290CBF /* CanonPrinters.mlmodel in Sources */ = {isa = PBXBuildFile; fileRef = 574228702567780A00290CBF /* CanonPrinters.mlmodel */; };
		574228742567780A00290CBF /* EpsonPrinters.mlmodel in Sources */ = {isa = PBXBuildFile; fileRef = 574228712567780A00290CBF /* EpsonPrinters.mlmodel */; };
		5742287C25677ABE00290CBF /* ApplePhones.mlmodel in Sources */ = {isa = PBXBuildFile; fileRef = 5742287925677ABD00290CBF /* ApplePhones.mlmodel */; };
		5742287D25677ABE00290CBF /* GooglePhones.mlmodel in Sources */ = {isa = PBXBuildFile; fileRef = 5742287A25677ABE00290CBF /* GooglePhones.mlmodel */; };
		5742287E25677ABE00290CBF /* SamsungPhones.mlmodel in Sources */ = {isa = PBXBuildFile; fileRef = 5742287B25677ABE00290CBF /* SamsungPhones.mlmodel */; };
		5742288625677E8D00290CBF /* JBLInEarHeadphones.mlmodel in Sources */ = {isa = PBXBuildFile; fileRef = 5742288325677E8C00290CBF /* JBLInEarHeadphones.mlmodel */; };
		5742288725677E8D00290CBF /* SonyInEarHeadphones.mlmodel in Sources */ = {isa = PBXBuildFile; fileRef = 5742288425677E8D00290CBF /* SonyInEarHeadphones.mlmodel */; };
		5742288825677E8D00290CBF /* AppleInEarHeadphones.mlmodel in Sources */ = {isa = PBXBuildFile; fileRef = 5742288525677E8D00290CBF /* AppleInEarHeadphones.mlmodel */; };
		5749E2ED2523CA440063DB47 /* ApiHandlers.swift in Sources */ = {isa = PBXBuildFile; fileRef = 5749E2EC2523CA440063DB47 /* ApiHandlers.swift */; };
		5749E2F62523CCB70063DB47 /* OcrTextView.swift in Sources */ = {isa = PBXBuildFile; fileRef = 5749E2F52523CCB70063DB47 /* OcrTextView.swift */; };
		5749E2FE2523CCDE0063DB47 /* ScanButton.swift in Sources */ = {isa = PBXBuildFile; fileRef = 5749E2FD2523CCDE0063DB47 /* ScanButton.swift */; };
		5749E3032523CD030063DB47 /* ScanImageView.swift in Sources */ = {isa = PBXBuildFile; fileRef = 5749E3022523CD030063DB47 /* ScanImageView.swift */; };
		5749E3082523CD2D0063DB47 /* OcrViewController.swift in Sources */ = {isa = PBXBuildFile; fileRef = 5749E3072523CD2D0063DB47 /* OcrViewController.swift */; };
		576DC481245DFDC6002A9926 /* Utilities.swift in Sources */ = {isa = PBXBuildFile; fileRef = 576DC480245DFDC6002A9926 /* Utilities.swift */; };
		576E452525686CE7005021C3 /* SettingsViewController.swift in Sources */ = {isa = PBXBuildFile; fileRef = 576E452425686CE7005021C3 /* SettingsViewController.swift */; };
		576E452A25689918005021C3 /* CompanyRatingsTableViewCell.swift in Sources */ = {isa = PBXBuildFile; fileRef = 576E452925689917005021C3 /* CompanyRatingsTableViewCell.swift */; };
		576E452F25689955005021C3 /* CustomerDATableViewController.swift in Sources */ = {isa = PBXBuildFile; fileRef = 576E452E25689955005021C3 /* CustomerDATableViewController.swift */; };
		57724D4424B806DF00AAEBA6 /* GoogleVisionLogoDetector.swift in Sources */ = {isa = PBXBuildFile; fileRef = 57724D4324B806DF00AAEBA6 /* GoogleVisionLogoDetector.swift */; };
		57724D4624B80AC100AAEBA6 /* GoogleVisionStructs.swift in Sources */ = {isa = PBXBuildFile; fileRef = 57724D4524B80AC100AAEBA6 /* GoogleVisionStructs.swift */; };
		577ECCA224537AFB007AB88D /* ProductTableViewCell.swift in Sources */ = {isa = PBXBuildFile; fileRef = 577ECCA124537AFB007AB88D /* ProductTableViewCell.swift */; };
		577ECCA42453C77F007AB88D /* Product.swift in Sources */ = {isa = PBXBuildFile; fileRef = 577ECCA32453C77F007AB88D /* Product.swift */; };
		578850B5253D389C00E751E0 /* SearchHistoryTableViewCell.swift in Sources */ = {isa = PBXBuildFile; fileRef = 578850B4253D389C00E751E0 /* SearchHistoryTableViewCell.swift */; };
		578850BA253D38AC00E751E0 /* WishlistTableViewCell.swift in Sources */ = {isa = PBXBuildFile; fileRef = 578850B9253D38AC00E751E0 /* WishlistTableViewCell.swift */; };
		578A04072566CA4F00FBB421 /* First_Stage_Categories_Classifier.mlmodel in Sources */ = {isa = PBXBuildFile; fileRef = 578A04062566CA4F00FBB421 /* First_Stage_Categories_Classifier.mlmodel */; };
		578A040C2566D15700FBB421 /* ProductSpecification.swift in Sources */ = {isa = PBXBuildFile; fileRef = 578A040B2566D15700FBB421 /* ProductSpecification.swift */; };
		578A04112566D95700FBB421 /* ProductSpeficationTableViewController.swift in Sources */ = {isa = PBXBuildFile; fileRef = 578A04102566D95700FBB421 /* ProductSpeficationTableViewController.swift */; };
		578A04162566E8BC00FBB421 /* SpeficationTableViewCell.swift in Sources */ = {isa = PBXBuildFile; fileRef = 578A04152566E8BC00FBB421 /* SpeficationTableViewCell.swift */; };
		5796940E254B923A00C4ADE9 /* DataAnalyticsTableViewCell.swift in Sources */ = {isa = PBXBuildFile; fileRef = 5796940D254B923A00C4ADE9 /* DataAnalyticsTableViewCell.swift */; };
		57969413254B92C200C4ADE9 /* DataAnalyticsTableViewController.swift in Sources */ = {isa = PBXBuildFile; fileRef = 57969412254B92C200C4ADE9 /* DataAnalyticsTableViewController.swift */; };
		579B8A232462547C008F3C28 /* GoogleReviewViewController.swift in Sources */ = {isa = PBXBuildFile; fileRef = 579B8A222462547C008F3C28 /* GoogleReviewViewController.swift */; };
		57A3069824CA3A90007D84BE /* CardsUIView.swift in Sources */ = {isa = PBXBuildFile; fileRef = 57A3069724CA3A90007D84BE /* CardsUIView.swift */; };
		57AC72F22454D6E000F23F43 /* SpinnerExtension.swift in Sources */ = {isa = PBXBuildFile; fileRef = 57AC72F12454D6E000F23F43 /* SpinnerExtension.swift */; };
		57BA1ED423F9995500350ADB /* AppDelegate.swift in Sources */ = {isa = PBXBuildFile; fileRef = 57BA1ED323F9995500350ADB /* AppDelegate.swift */; };
		57BA1ED623F9995500350ADB /* SceneDelegate.swift in Sources */ = {isa = PBXBuildFile; fileRef = 57BA1ED523F9995500350ADB /* SceneDelegate.swift */; };
		57BA1ED823F9995500350ADB /* ViewController.swift in Sources */ = {isa = PBXBuildFile; fileRef = 57BA1ED723F9995500350ADB /* ViewController.swift */; };
		57BA1EDB23F9995500350ADB /* Main.storyboard in Resources */ = {isa = PBXBuildFile; fileRef = 57BA1ED923F9995500350ADB /* Main.storyboard */; };
		57BA1EDD23F9995800350ADB /* Assets.xcassets in Resources */ = {isa = PBXBuildFile; fileRef = 57BA1EDC23F9995800350ADB /* Assets.xcassets */; };
		57BA1EE023F9995800350ADB /* LaunchScreen.storyboard in Resources */ = {isa = PBXBuildFile; fileRef = 57BA1EDE23F9995800350ADB /* LaunchScreen.storyboard */; };
		57BA1EEB23F9995800350ADB /* BestBuyVisionTests.swift in Sources */ = {isa = PBXBuildFile; fileRef = 57BA1EEA23F9995800350ADB /* BestBuyVisionTests.swift */; };
		57BA1EF623F9995800350ADB /* BestBuyVisionUITests.swift in Sources */ = {isa = PBXBuildFile; fileRef = 57BA1EF523F9995800350ADB /* BestBuyVisionUITests.swift */; };
		57BA1F0423FA0BD700350ADB /* UIShadows.swift in Sources */ = {isa = PBXBuildFile; fileRef = 57BA1F0323FA0BD700350ADB /* UIShadows.swift */; };
		57BA1F0823FA0CCE00350ADB /* UIViewAndExtension.swift in Sources */ = {isa = PBXBuildFile; fileRef = 57BA1F0723FA0CCE00350ADB /* UIViewAndExtension.swift */; };
		57BA1F0A23FA0D1300350ADB /* Colors.swift in Sources */ = {isa = PBXBuildFile; fileRef = 57BA1F0923FA0D1300350ADB /* Colors.swift */; };
		57BA1F0C23FA185400350ADB /* SignupViewController.swift in Sources */ = {isa = PBXBuildFile; fileRef = 57BA1F0B23FA185400350ADB /* SignupViewController.swift */; };
		57BA1F0E23FA223700350ADB /* ScanImageViewController.swift in Sources */ = {isa = PBXBuildFile; fileRef = 57BA1F0D23FA223700350ADB /* ScanImageViewController.swift */; };
		57C3D0B62539117C0050652A /* GoogleReviewTableViewController.swift in Sources */ = {isa = PBXBuildFile; fileRef = 57C3D0B52539117C0050652A /* GoogleReviewTableViewController.swift */; };
		57C3D0BC25393F670050652A /* GoogleReviewImageTableViewCell.swift in Sources */ = {isa = PBXBuildFile; fileRef = 57C3D0BB25393F670050652A /* GoogleReviewImageTableViewCell.swift */; };
		57D406BA2470AF850042A7D1 /* MakeToast.swift in Sources */ = {isa = PBXBuildFile; fileRef = 57D406B92470AF850042A7D1 /* MakeToast.swift */; };
		57D655D925219D9C00DDEF5F /* GoogleService-Info.plist in Resources */ = {isa = PBXBuildFile; fileRef = 57D655D825219D9C00DDEF5F /* GoogleService-Info.plist */; };
		7D25AD249D3EB41CD6E0D40D /* Pods_BestBuyVision.framework in Frameworks */ = {isa = PBXBuildFile; fileRef = F313EE5A80FD2C039AB7DC1B /* Pods_BestBuyVision.framework */; };
		A055CCFF7B775CD02F9AB81F /* Pods_BestBuyVisionTests.framework in Frameworks */ = {isa = PBXBuildFile; fileRef = 5DBF56B51AAEA90B739630B5 /* Pods_BestBuyVisionTests.framework */; };
		AE03AC79243F920800BDF48B /* CGImagePropertyOrientation+UIImageOrientation.swift in Sources */ = {isa = PBXBuildFile; fileRef = AE03AC78243F920800BDF48B /* CGImagePropertyOrientation+UIImageOrientation.swift */; };
		AE3F2ED424D2096F00F88129 /* ClassificationModels.swift in Sources */ = {isa = PBXBuildFile; fileRef = AE3F2ED324D2096F00F88129 /* ClassificationModels.swift */; };
		AE5C670C245B41CF0055F9F6 /* ProductDescriptionDetailControllerViewController.swift in Sources */ = {isa = PBXBuildFile; fileRef = AE5C670B245B41CF0055F9F6 /* ProductDescriptionDetailControllerViewController.swift */; };
		AE5D4A36251D98FD0020D855 /* GoogleReviewResponse.swift in Sources */ = {isa = PBXBuildFile; fileRef = AE5D4A35251D98FD0020D855 /* GoogleReviewResponse.swift */; };
		AE5D4A38252189260020D855 /* GoogleModel.swift in Sources */ = {isa = PBXBuildFile; fileRef = AE5D4A37252189260020D855 /* GoogleModel.swift */; };
		AE64F12D2472022A00FAD5BF /* ForgotPasswordViewController.swift in Sources */ = {isa = PBXBuildFile; fileRef = AE64F12C2472022A00FAD5BF /* ForgotPasswordViewController.swift */; };
		AE9C0F0624A3E13800F554C4 /* makeAlert.swift in Sources */ = {isa = PBXBuildFile; fileRef = AE9C0F0524A3E13800F554C4 /* makeAlert.swift */; };
		AEAFA0E524566C9B00931015 /* User.swift in Sources */ = {isa = PBXBuildFile; fileRef = AEAFA0E424566C9B00931015 /* User.swift */; };
		AECCEBBD253D123A00CF77B2 /* WIshlistTableViewController.swift in Sources */ = {isa = PBXBuildFile; fileRef = AECCEBBC253D123A00CF77B2 /* WIshlistTableViewController.swift */; };
		AECCEBCD254676EA00CF77B2 /* ProductCollectionViewCell.swift in Sources */ = {isa = PBXBuildFile; fileRef = AECCEBCC254676EA00CF77B2 /* ProductCollectionViewCell.swift */; };
		AECCEBD3254FB55A00CF77B2 /* ProductRecommended.swift in Sources */ = {isa = PBXBuildFile; fileRef = AECCEBD2254FB55A00CF77B2 /* ProductRecommended.swift */; };
		AEDE2983255BA2950071CACD /* ProductDescriptionTableViewController.swift in Sources */ = {isa = PBXBuildFile; fileRef = AEDE2982255BA2950071CACD /* ProductDescriptionTableViewController.swift */; };
		AEDE2987255BA9250071CACD /* ProductDescriptionImageTableViewCell.swift in Sources */ = {isa = PBXBuildFile; fileRef = AEDE2986255BA9250071CACD /* ProductDescriptionImageTableViewCell.swift */; };
		AEDE2989255BAA220071CACD /* ProductDescriptionPriceTableViewCell.swift in Sources */ = {isa = PBXBuildFile; fileRef = AEDE2988255BAA220071CACD /* ProductDescriptionPriceTableViewCell.swift */; };
		AEDE298B255BAA360071CACD /* ProductDescriptionOverviewTableViewCell.swift in Sources */ = {isa = PBXBuildFile; fileRef = AEDE298A255BAA360071CACD /* ProductDescriptionOverviewTableViewCell.swift */; };
		AEDE298D255BAA4D0071CACD /* ProductDescriptionSpecificationTableViewCell.swift in Sources */ = {isa = PBXBuildFile; fileRef = AEDE298C255BAA4D0071CACD /* ProductDescriptionSpecificationTableViewCell.swift */; };
		AEDE298F255BAA690071CACD /* ProductDescriptionGoogleReviewTableViewCell.swift in Sources */ = {isa = PBXBuildFile; fileRef = AEDE298E255BAA690071CACD /* ProductDescriptionGoogleReviewTableViewCell.swift */; };
		AEFB8EA924461DA400F89819 /* ProoductsTableViewController.swift in Sources */ = {isa = PBXBuildFile; fileRef = AEFB8EA824461DA400F89819 /* ProoductsTableViewController.swift */; };
/* End PBXBuildFile section */

/* Begin PBXContainerItemProxy section */
		57BA1EE723F9995800350ADB /* PBXContainerItemProxy */ = {
			isa = PBXContainerItemProxy;
			containerPortal = 57BA1EC823F9995500350ADB /* Project object */;
			proxyType = 1;
			remoteGlobalIDString = 57BA1ECF23F9995500350ADB;
			remoteInfo = BestBuyVision;
		};
		57BA1EF223F9995800350ADB /* PBXContainerItemProxy */ = {
			isa = PBXContainerItemProxy;
			containerPortal = 57BA1EC823F9995500350ADB /* Project object */;
			proxyType = 1;
			remoteGlobalIDString = 57BA1ECF23F9995500350ADB;
			remoteInfo = BestBuyVision;
		};
/* End PBXContainerItemProxy section */

/* Begin PBXFileReference section */
		197EE6A797D8C8CAA7429E45 /* Pods-BestBuyVisionTests.release.xcconfig */ = {isa = PBXFileReference; includeInIndex = 1; lastKnownFileType = text.xcconfig; name = "Pods-BestBuyVisionTests.release.xcconfig"; path = "Target Support Files/Pods-BestBuyVisionTests/Pods-BestBuyVisionTests.release.xcconfig"; sourceTree = "<group>"; };
		382F0C81FE6CB85E2504E797 /* Pods-BestBuyVision-BestBuyVisionUITests.debug.xcconfig */ = {isa = PBXFileReference; includeInIndex = 1; lastKnownFileType = text.xcconfig; name = "Pods-BestBuyVision-BestBuyVisionUITests.debug.xcconfig"; path = "Target Support Files/Pods-BestBuyVision-BestBuyVisionUITests/Pods-BestBuyVision-BestBuyVisionUITests.debug.xcconfig"; sourceTree = "<group>"; };
		524B65D0BC7D6BFB0010137A /* Pods-BestBuyVision.release.xcconfig */ = {isa = PBXFileReference; includeInIndex = 1; lastKnownFileType = text.xcconfig; name = "Pods-BestBuyVision.release.xcconfig"; path = "Target Support Files/Pods-BestBuyVision/Pods-BestBuyVision.release.xcconfig"; sourceTree = "<group>"; };
		5472AB3CA540F8CF61BCF82B /* Pods_BestBuyVision_BestBuyVisionUITests.framework */ = {isa = PBXFileReference; explicitFileType = wrapper.framework; includeInIndex = 0; path = Pods_BestBuyVision_BestBuyVisionUITests.framework; sourceTree = BUILT_PRODUCTS_DIR; };
		57028ACC2527727500051C62 /* Micro-Star International.mlmodel */ = {isa = PBXFileReference; lastKnownFileType = file.mlmodel; path = "Micro-Star International.mlmodel"; sourceTree = "<group>"; };
		57028ACD2527727500051C62 /* ASUS.mlmodel */ = {isa = PBXFileReference; lastKnownFileType = file.mlmodel; path = ASUS.mlmodel; sourceTree = "<group>"; };
		57028ACE2527727500051C62 /* Hewlett-Packard.mlmodel */ = {isa = PBXFileReference; lastKnownFileType = file.mlmodel; path = "Hewlett-Packard.mlmodel"; sourceTree = "<group>"; };
		57028ACF2527727600051C62 /* AppleInc.mlmodel */ = {isa = PBXFileReference; lastKnownFileType = file.mlmodel; path = AppleInc.mlmodel; sourceTree = "<group>"; };
		57028AD02527727600051C62 /* Lenovo.mlmodel */ = {isa = PBXFileReference; lastKnownFileType = file.mlmodel; path = Lenovo.mlmodel; sourceTree = "<group>"; };
		57028AD12527727600051C62 /* Dell.mlmodel */ = {isa = PBXFileReference; lastKnownFileType = file.mlmodel; path = Dell.mlmodel; sourceTree = "<group>"; };
		57028AD22527727600051C62 /* AcerInc.mlmodel */ = {isa = PBXFileReference; lastKnownFileType = file.mlmodel; path = AcerInc.mlmodel; sourceTree = "<group>"; };
		57028ADD2527727C00051C62 /* MicrosoftCorporation.mlmodel */ = {isa = PBXFileReference; lastKnownFileType = file.mlmodel; path = MicrosoftCorporation.mlmodel; sourceTree = "<group>"; };
		57028ADE2527727C00051C62 /* RazerInc.mlmodel */ = {isa = PBXFileReference; lastKnownFileType = file.mlmodel; path = RazerInc.mlmodel; sourceTree = "<group>"; };
		57028AE42527728E00051C62 /* Insignia.mlmodel */ = {isa = PBXFileReference; lastKnownFileType = file.mlmodel; path = Insignia.mlmodel; sourceTree = "<group>"; };
		57028AE52527728F00051C62 /* Jabra.mlmodel */ = {isa = PBXFileReference; lastKnownFileType = file.mlmodel; path = Jabra.mlmodel; sourceTree = "<group>"; };
		57028AE62527728F00051C62 /* AudioTechinca.mlmodel */ = {isa = PBXFileReference; lastKnownFileType = file.mlmodel; path = AudioTechinca.mlmodel; sourceTree = "<group>"; };
		57028AE72527728F00051C62 /* JBL.mlmodel */ = {isa = PBXFileReference; lastKnownFileType = file.mlmodel; path = JBL.mlmodel; sourceTree = "<group>"; };
		57028AE82527728F00051C62 /* BeatsElectronics.mlmodel */ = {isa = PBXFileReference; lastKnownFileType = file.mlmodel; path = BeatsElectronics.mlmodel; sourceTree = "<group>"; };
		57028AE92527729000051C62 /* BoseCorporation.mlmodel */ = {isa = PBXFileReference; lastKnownFileType = file.mlmodel; path = BoseCorporation.mlmodel; sourceTree = "<group>"; };
		57028AEA2527729000051C62 /* Sony.mlmodel */ = {isa = PBXFileReference; lastKnownFileType = file.mlmodel; path = Sony.mlmodel; sourceTree = "<group>"; };
		57028AEB2527729000051C62 /* BangAndOlufsen.mlmodel */ = {isa = PBXFileReference; lastKnownFileType = file.mlmodel; path = BangAndOlufsen.mlmodel; sourceTree = "<group>"; };
		57028AEC2527729000051C62 /* Sennheiser.mlmodel */ = {isa = PBXFileReference; lastKnownFileType = file.mlmodel; path = Sennheiser.mlmodel; sourceTree = "<group>"; };
		57028AFE2527D16E00051C62 /* MainMenuViewController.swift */ = {isa = PBXFileReference; lastKnownFileType = sourcecode.swift; path = MainMenuViewController.swift; sourceTree = "<group>"; };
		570910EA254FA0E2005A7E9F /* NoProductsViewController.swift */ = {isa = PBXFileReference; lastKnownFileType = sourcecode.swift; path = NoProductsViewController.swift; sourceTree = "<group>"; };
		5716D7B8253CD91400195555 /* ProductDetailTableViewCell.swift */ = {isa = PBXFileReference; lastKnownFileType = sourcecode.swift; path = ProductDetailTableViewCell.swift; sourceTree = "<group>"; };
		5716D7BA253CD93400195555 /* ProductReviewTableViewCell.swift */ = {isa = PBXFileReference; lastKnownFileType = sourcecode.swift; path = ProductReviewTableViewCell.swift; sourceTree = "<group>"; };
		5716D7BF253CD96000195555 /* ProductVendorCompareTableViewCell.swift */ = {isa = PBXFileReference; lastKnownFileType = sourcecode.swift; path = ProductVendorCompareTableViewCell.swift; sourceTree = "<group>"; };
		5716D7ED253D083100195555 /* SearchHistoryTableViewController.swift */ = {isa = PBXFileReference; lastKnownFileType = sourcecode.swift; path = SearchHistoryTableViewController.swift; sourceTree = "<group>"; };
		5742285B25676DE600290CBF /* CanonInc.mlmodel */ = {isa = PBXFileReference; lastKnownFileType = file.mlmodel; name = CanonInc.mlmodel; path = ../../../../../Desktop/CoreMLData/Models/DSLR/CanonInc.mlmodel; sourceTree = "<group>"; };
		5742285C25676DE600290CBF /* Nikon.mlmodel */ = {isa = PBXFileReference; lastKnownFileType = file.mlmodel; name = Nikon.mlmodel; path = ../../../../../Desktop/CoreMLData/Models/DSLR/Nikon.mlmodel; sourceTree = "<group>"; };
		5742285D25676DE600290CBF /* SonyDSLR.mlmodel */ = {isa = PBXFileReference; lastKnownFileType = file.mlmodel; name = SonyDSLR.mlmodel; path = ../../../../../Desktop/CoreMLData/Models/DSLR/SonyDSLR.mlmodel; sourceTree = "<group>"; };
		57422865256775E000290CBF /* AppleTablets.mlmodel */ = {isa = PBXFileReference; lastKnownFileType = file.mlmodel; path = AppleTablets.mlmodel; sourceTree = "<group>"; };
		57422866256775E000290CBF /* MicrosoftTablets.mlmodel */ = {isa = PBXFileReference; lastKnownFileType = file.mlmodel; path = MicrosoftTablets.mlmodel; sourceTree = "<group>"; };
		57422867256775E000290CBF /* SamsungTablets.mlmodel */ = {isa = PBXFileReference; lastKnownFileType = file.mlmodel; path = SamsungTablets.mlmodel; sourceTree = "<group>"; };
		5742286F2567780900290CBF /* HpPrinters.mlmodel */ = {isa = PBXFileReference; lastKnownFileType = file.mlmodel; path = HpPrinters.mlmodel; sourceTree = "<group>"; };
		574228702567780A00290CBF /* CanonPrinters.mlmodel */ = {isa = PBXFileReference; lastKnownFileType = file.mlmodel; path = CanonPrinters.mlmodel; sourceTree = "<group>"; };
		574228712567780A00290CBF /* EpsonPrinters.mlmodel */ = {isa = PBXFileReference; lastKnownFileType = file.mlmodel; path = EpsonPrinters.mlmodel; sourceTree = "<group>"; };
		5742287925677ABD00290CBF /* ApplePhones.mlmodel */ = {isa = PBXFileReference; lastKnownFileType = file.mlmodel; path = ApplePhones.mlmodel; sourceTree = "<group>"; };
		5742287A25677ABE00290CBF /* GooglePhones.mlmodel */ = {isa = PBXFileReference; lastKnownFileType = file.mlmodel; path = GooglePhones.mlmodel; sourceTree = "<group>"; };
		5742287B25677ABE00290CBF /* SamsungPhones.mlmodel */ = {isa = PBXFileReference; lastKnownFileType = file.mlmodel; path = SamsungPhones.mlmodel; sourceTree = "<group>"; };
		5742288325677E8C00290CBF /* JBLInEarHeadphones.mlmodel */ = {isa = PBXFileReference; lastKnownFileType = file.mlmodel; path = JBLInEarHeadphones.mlmodel; sourceTree = "<group>"; };
		5742288425677E8D00290CBF /* SonyInEarHeadphones.mlmodel */ = {isa = PBXFileReference; lastKnownFileType = file.mlmodel; path = SonyInEarHeadphones.mlmodel; sourceTree = "<group>"; };
		5742288525677E8D00290CBF /* AppleInEarHeadphones.mlmodel */ = {isa = PBXFileReference; lastKnownFileType = file.mlmodel; path = AppleInEarHeadphones.mlmodel; sourceTree = "<group>"; };
		5749E2EC2523CA440063DB47 /* ApiHandlers.swift */ = {isa = PBXFileReference; lastKnownFileType = sourcecode.swift; path = ApiHandlers.swift; sourceTree = "<group>"; };
		5749E2F52523CCB70063DB47 /* OcrTextView.swift */ = {isa = PBXFileReference; lastKnownFileType = sourcecode.swift; path = OcrTextView.swift; sourceTree = "<group>"; };
		5749E2FD2523CCDE0063DB47 /* ScanButton.swift */ = {isa = PBXFileReference; lastKnownFileType = sourcecode.swift; path = ScanButton.swift; sourceTree = "<group>"; };
		5749E3022523CD030063DB47 /* ScanImageView.swift */ = {isa = PBXFileReference; lastKnownFileType = sourcecode.swift; path = ScanImageView.swift; sourceTree = "<group>"; };
		5749E3072523CD2D0063DB47 /* OcrViewController.swift */ = {isa = PBXFileReference; lastKnownFileType = sourcecode.swift; path = OcrViewController.swift; sourceTree = "<group>"; };
		576DC480245DFDC6002A9926 /* Utilities.swift */ = {isa = PBXFileReference; lastKnownFileType = sourcecode.swift; path = Utilities.swift; sourceTree = "<group>"; };
		576E452425686CE7005021C3 /* SettingsViewController.swift */ = {isa = PBXFileReference; lastKnownFileType = sourcecode.swift; path = SettingsViewController.swift; sourceTree = "<group>"; };
		576E452925689917005021C3 /* CompanyRatingsTableViewCell.swift */ = {isa = PBXFileReference; lastKnownFileType = sourcecode.swift; path = CompanyRatingsTableViewCell.swift; sourceTree = "<group>"; };
		576E452E25689955005021C3 /* CustomerDATableViewController.swift */ = {isa = PBXFileReference; lastKnownFileType = sourcecode.swift; path = CustomerDATableViewController.swift; sourceTree = "<group>"; };
		57724D4324B806DF00AAEBA6 /* GoogleVisionLogoDetector.swift */ = {isa = PBXFileReference; lastKnownFileType = sourcecode.swift; path = GoogleVisionLogoDetector.swift; sourceTree = "<group>"; };
		57724D4524B80AC100AAEBA6 /* GoogleVisionStructs.swift */ = {isa = PBXFileReference; lastKnownFileType = sourcecode.swift; path = GoogleVisionStructs.swift; sourceTree = "<group>"; };
		577ECCA124537AFB007AB88D /* ProductTableViewCell.swift */ = {isa = PBXFileReference; lastKnownFileType = sourcecode.swift; path = ProductTableViewCell.swift; sourceTree = "<group>"; };
		577ECCA32453C77F007AB88D /* Product.swift */ = {isa = PBXFileReference; lastKnownFileType = sourcecode.swift; path = Product.swift; sourceTree = "<group>"; };
		578850B4253D389C00E751E0 /* SearchHistoryTableViewCell.swift */ = {isa = PBXFileReference; lastKnownFileType = sourcecode.swift; path = SearchHistoryTableViewCell.swift; sourceTree = "<group>"; };
		578850B9253D38AC00E751E0 /* WishlistTableViewCell.swift */ = {isa = PBXFileReference; lastKnownFileType = sourcecode.swift; path = WishlistTableViewCell.swift; sourceTree = "<group>"; };
		578A04062566CA4F00FBB421 /* First_Stage_Categories_Classifier.mlmodel */ = {isa = PBXFileReference; lastKnownFileType = file.mlmodel; name = First_Stage_Categories_Classifier.mlmodel; path = ../../../../Desktop/First_Stage_Categories_Classifier.mlmodel; sourceTree = "<group>"; };
		578A040B2566D15700FBB421 /* ProductSpecification.swift */ = {isa = PBXFileReference; lastKnownFileType = sourcecode.swift; path = ProductSpecification.swift; sourceTree = "<group>"; };
		578A04102566D95700FBB421 /* ProductSpeficationTableViewController.swift */ = {isa = PBXFileReference; lastKnownFileType = sourcecode.swift; path = ProductSpeficationTableViewController.swift; sourceTree = "<group>"; };
		578A04152566E8BC00FBB421 /* SpeficationTableViewCell.swift */ = {isa = PBXFileReference; lastKnownFileType = sourcecode.swift; path = SpeficationTableViewCell.swift; sourceTree = "<group>"; };
		5796940D254B923A00C4ADE9 /* DataAnalyticsTableViewCell.swift */ = {isa = PBXFileReference; lastKnownFileType = sourcecode.swift; path = DataAnalyticsTableViewCell.swift; sourceTree = "<group>"; };
		57969412254B92C200C4ADE9 /* DataAnalyticsTableViewController.swift */ = {isa = PBXFileReference; lastKnownFileType = sourcecode.swift; path = DataAnalyticsTableViewController.swift; sourceTree = "<group>"; };
		579B8A222462547C008F3C28 /* GoogleReviewViewController.swift */ = {isa = PBXFileReference; lastKnownFileType = sourcecode.swift; path = GoogleReviewViewController.swift; sourceTree = "<group>"; };
		57A3069724CA3A90007D84BE /* CardsUIView.swift */ = {isa = PBXFileReference; lastKnownFileType = sourcecode.swift; path = CardsUIView.swift; sourceTree = "<group>"; };
		57AC72F12454D6E000F23F43 /* SpinnerExtension.swift */ = {isa = PBXFileReference; lastKnownFileType = sourcecode.swift; path = SpinnerExtension.swift; sourceTree = "<group>"; };
		57BA1ED023F9995500350ADB /* BestBuyVision.app */ = {isa = PBXFileReference; explicitFileType = wrapper.application; includeInIndex = 0; path = BestBuyVision.app; sourceTree = BUILT_PRODUCTS_DIR; };
		57BA1ED323F9995500350ADB /* AppDelegate.swift */ = {isa = PBXFileReference; lastKnownFileType = sourcecode.swift; path = AppDelegate.swift; sourceTree = "<group>"; };
		57BA1ED523F9995500350ADB /* SceneDelegate.swift */ = {isa = PBXFileReference; lastKnownFileType = sourcecode.swift; path = SceneDelegate.swift; sourceTree = "<group>"; };
		57BA1ED723F9995500350ADB /* ViewController.swift */ = {isa = PBXFileReference; lastKnownFileType = sourcecode.swift; path = ViewController.swift; sourceTree = "<group>"; };
		57BA1EDA23F9995500350ADB /* Base */ = {isa = PBXFileReference; lastKnownFileType = file.storyboard; name = Base; path = Base.lproj/Main.storyboard; sourceTree = "<group>"; };
		57BA1EDC23F9995800350ADB /* Assets.xcassets */ = {isa = PBXFileReference; lastKnownFileType = folder.assetcatalog; path = Assets.xcassets; sourceTree = "<group>"; };
		57BA1EDF23F9995800350ADB /* Base */ = {isa = PBXFileReference; lastKnownFileType = file.storyboard; name = Base; path = Base.lproj/LaunchScreen.storyboard; sourceTree = "<group>"; };
		57BA1EE123F9995800350ADB /* Info.plist */ = {isa = PBXFileReference; lastKnownFileType = text.plist.xml; path = Info.plist; sourceTree = "<group>"; };
		57BA1EE623F9995800350ADB /* BestBuyVisionTests.xctest */ = {isa = PBXFileReference; explicitFileType = wrapper.cfbundle; includeInIndex = 0; path = BestBuyVisionTests.xctest; sourceTree = BUILT_PRODUCTS_DIR; };
		57BA1EEA23F9995800350ADB /* BestBuyVisionTests.swift */ = {isa = PBXFileReference; lastKnownFileType = sourcecode.swift; path = BestBuyVisionTests.swift; sourceTree = "<group>"; };
		57BA1EEC23F9995800350ADB /* Info.plist */ = {isa = PBXFileReference; lastKnownFileType = text.plist.xml; path = Info.plist; sourceTree = "<group>"; };
		57BA1EF123F9995800350ADB /* BestBuyVisionUITests.xctest */ = {isa = PBXFileReference; explicitFileType = wrapper.cfbundle; includeInIndex = 0; path = BestBuyVisionUITests.xctest; sourceTree = BUILT_PRODUCTS_DIR; };
		57BA1EF523F9995800350ADB /* BestBuyVisionUITests.swift */ = {isa = PBXFileReference; lastKnownFileType = sourcecode.swift; path = BestBuyVisionUITests.swift; sourceTree = "<group>"; };
		57BA1EF723F9995800350ADB /* Info.plist */ = {isa = PBXFileReference; lastKnownFileType = text.plist.xml; path = Info.plist; sourceTree = "<group>"; };
		57BA1F0323FA0BD700350ADB /* UIShadows.swift */ = {isa = PBXFileReference; lastKnownFileType = sourcecode.swift; path = UIShadows.swift; sourceTree = "<group>"; };
		57BA1F0723FA0CCE00350ADB /* UIViewAndExtension.swift */ = {isa = PBXFileReference; lastKnownFileType = sourcecode.swift; path = UIViewAndExtension.swift; sourceTree = "<group>"; };
		57BA1F0923FA0D1300350ADB /* Colors.swift */ = {isa = PBXFileReference; lastKnownFileType = sourcecode.swift; path = Colors.swift; sourceTree = "<group>"; };
		57BA1F0B23FA185400350ADB /* SignupViewController.swift */ = {isa = PBXFileReference; lastKnownFileType = sourcecode.swift; path = SignupViewController.swift; sourceTree = "<group>"; };
		57BA1F0D23FA223700350ADB /* ScanImageViewController.swift */ = {isa = PBXFileReference; lastKnownFileType = sourcecode.swift; path = ScanImageViewController.swift; sourceTree = "<group>"; };
		57C3D0B52539117C0050652A /* GoogleReviewTableViewController.swift */ = {isa = PBXFileReference; lastKnownFileType = sourcecode.swift; path = GoogleReviewTableViewController.swift; sourceTree = "<group>"; };
		57C3D0BB25393F670050652A /* GoogleReviewImageTableViewCell.swift */ = {isa = PBXFileReference; lastKnownFileType = sourcecode.swift; path = GoogleReviewImageTableViewCell.swift; sourceTree = "<group>"; };
		57D406B92470AF850042A7D1 /* MakeToast.swift */ = {isa = PBXFileReference; lastKnownFileType = sourcecode.swift; path = MakeToast.swift; sourceTree = "<group>"; };
		57D655D825219D9C00DDEF5F /* GoogleService-Info.plist */ = {isa = PBXFileReference; fileEncoding = 4; lastKnownFileType = text.plist.xml; path = "GoogleService-Info.plist"; sourceTree = "<group>"; };
		5DBF56B51AAEA90B739630B5 /* Pods_BestBuyVisionTests.framework */ = {isa = PBXFileReference; explicitFileType = wrapper.framework; includeInIndex = 0; path = Pods_BestBuyVisionTests.framework; sourceTree = BUILT_PRODUCTS_DIR; };
		84AC19D754A28E20EF1FDA65 /* Pods-BestBuyVision-BestBuyVisionUITests.release.xcconfig */ = {isa = PBXFileReference; includeInIndex = 1; lastKnownFileType = text.xcconfig; name = "Pods-BestBuyVision-BestBuyVisionUITests.release.xcconfig"; path = "Target Support Files/Pods-BestBuyVision-BestBuyVisionUITests/Pods-BestBuyVision-BestBuyVisionUITests.release.xcconfig"; sourceTree = "<group>"; };
		8D5AFF8C1FA1A128CC1AC4CC /* Pods-BestBuyVisionTests.debug.xcconfig */ = {isa = PBXFileReference; includeInIndex = 1; lastKnownFileType = text.xcconfig; name = "Pods-BestBuyVisionTests.debug.xcconfig"; path = "Target Support Files/Pods-BestBuyVisionTests/Pods-BestBuyVisionTests.debug.xcconfig"; sourceTree = "<group>"; };
		A35EA5A16B20F759BD1C2F23 /* Pods-BestBuyVision.debug.xcconfig */ = {isa = PBXFileReference; includeInIndex = 1; lastKnownFileType = text.xcconfig; name = "Pods-BestBuyVision.debug.xcconfig"; path = "Target Support Files/Pods-BestBuyVision/Pods-BestBuyVision.debug.xcconfig"; sourceTree = "<group>"; };
		AE03AC78243F920800BDF48B /* CGImagePropertyOrientation+UIImageOrientation.swift */ = {isa = PBXFileReference; lastKnownFileType = sourcecode.swift; path = "CGImagePropertyOrientation+UIImageOrientation.swift"; sourceTree = "<group>"; };
		AE3F2ED324D2096F00F88129 /* ClassificationModels.swift */ = {isa = PBXFileReference; lastKnownFileType = sourcecode.swift; path = ClassificationModels.swift; sourceTree = "<group>"; };
		AE5C670B245B41CF0055F9F6 /* ProductDescriptionDetailControllerViewController.swift */ = {isa = PBXFileReference; lastKnownFileType = sourcecode.swift; path = ProductDescriptionDetailControllerViewController.swift; sourceTree = "<group>"; };
		AE5D4A35251D98FD0020D855 /* GoogleReviewResponse.swift */ = {isa = PBXFileReference; lastKnownFileType = sourcecode.swift; path = GoogleReviewResponse.swift; sourceTree = "<group>"; };
		AE5D4A37252189260020D855 /* GoogleModel.swift */ = {isa = PBXFileReference; lastKnownFileType = sourcecode.swift; path = GoogleModel.swift; sourceTree = "<group>"; };
		AE64F12C2472022A00FAD5BF /* ForgotPasswordViewController.swift */ = {isa = PBXFileReference; lastKnownFileType = sourcecode.swift; path = ForgotPasswordViewController.swift; sourceTree = "<group>"; };
		AE9C0F0524A3E13800F554C4 /* makeAlert.swift */ = {isa = PBXFileReference; lastKnownFileType = sourcecode.swift; path = makeAlert.swift; sourceTree = "<group>"; };
		AEAFA0E424566C9B00931015 /* User.swift */ = {isa = PBXFileReference; lastKnownFileType = sourcecode.swift; path = User.swift; sourceTree = "<group>"; };
		AECCEBBC253D123A00CF77B2 /* WIshlistTableViewController.swift */ = {isa = PBXFileReference; lastKnownFileType = sourcecode.swift; path = WIshlistTableViewController.swift; sourceTree = "<group>"; };
		AECCEBCC254676EA00CF77B2 /* ProductCollectionViewCell.swift */ = {isa = PBXFileReference; lastKnownFileType = sourcecode.swift; path = ProductCollectionViewCell.swift; sourceTree = "<group>"; };
		AECCEBD2254FB55A00CF77B2 /* ProductRecommended.swift */ = {isa = PBXFileReference; lastKnownFileType = sourcecode.swift; path = ProductRecommended.swift; sourceTree = "<group>"; };
		AEDE2982255BA2950071CACD /* ProductDescriptionTableViewController.swift */ = {isa = PBXFileReference; lastKnownFileType = sourcecode.swift; path = ProductDescriptionTableViewController.swift; sourceTree = "<group>"; };
		AEDE2986255BA9250071CACD /* ProductDescriptionImageTableViewCell.swift */ = {isa = PBXFileReference; lastKnownFileType = sourcecode.swift; path = ProductDescriptionImageTableViewCell.swift; sourceTree = "<group>"; };
		AEDE2988255BAA220071CACD /* ProductDescriptionPriceTableViewCell.swift */ = {isa = PBXFileReference; lastKnownFileType = sourcecode.swift; path = ProductDescriptionPriceTableViewCell.swift; sourceTree = "<group>"; };
		AEDE298A255BAA360071CACD /* ProductDescriptionOverviewTableViewCell.swift */ = {isa = PBXFileReference; lastKnownFileType = sourcecode.swift; path = ProductDescriptionOverviewTableViewCell.swift; sourceTree = "<group>"; };
		AEDE298C255BAA4D0071CACD /* ProductDescriptionSpecificationTableViewCell.swift */ = {isa = PBXFileReference; lastKnownFileType = sourcecode.swift; path = ProductDescriptionSpecificationTableViewCell.swift; sourceTree = "<group>"; };
		AEDE298E255BAA690071CACD /* ProductDescriptionGoogleReviewTableViewCell.swift */ = {isa = PBXFileReference; lastKnownFileType = sourcecode.swift; path = ProductDescriptionGoogleReviewTableViewCell.swift; sourceTree = "<group>"; };
		AEFB8EA824461DA400F89819 /* ProoductsTableViewController.swift */ = {isa = PBXFileReference; lastKnownFileType = sourcecode.swift; path = ProoductsTableViewController.swift; sourceTree = "<group>"; };
		F313EE5A80FD2C039AB7DC1B /* Pods_BestBuyVision.framework */ = {isa = PBXFileReference; explicitFileType = wrapper.framework; includeInIndex = 0; path = Pods_BestBuyVision.framework; sourceTree = BUILT_PRODUCTS_DIR; };
/* End PBXFileReference section */

/* Begin PBXFrameworksBuildPhase section */
		57BA1ECD23F9995500350ADB /* Frameworks */ = {
			isa = PBXFrameworksBuildPhase;
			buildActionMask = 2147483647;
			files = (
				7D25AD249D3EB41CD6E0D40D /* Pods_BestBuyVision.framework in Frameworks */,
			);
			runOnlyForDeploymentPostprocessing = 0;
		};
		57BA1EE323F9995800350ADB /* Frameworks */ = {
			isa = PBXFrameworksBuildPhase;
			buildActionMask = 2147483647;
			files = (
				A055CCFF7B775CD02F9AB81F /* Pods_BestBuyVisionTests.framework in Frameworks */,
			);
			runOnlyForDeploymentPostprocessing = 0;
		};
		57BA1EEE23F9995800350ADB /* Frameworks */ = {
			isa = PBXFrameworksBuildPhase;
			buildActionMask = 2147483647;
			files = (
				2EB1AA34E8954B2E858D343C /* Pods_BestBuyVision_BestBuyVisionUITests.framework in Frameworks */,
			);
			runOnlyForDeploymentPostprocessing = 0;
		};
/* End PBXFrameworksBuildPhase section */

/* Begin PBXGroup section */
		3F95D4FEBEFEEE4AC6FCB496 /* Pods */ = {
			isa = PBXGroup;
			children = (
				A35EA5A16B20F759BD1C2F23 /* Pods-BestBuyVision.debug.xcconfig */,
				524B65D0BC7D6BFB0010137A /* Pods-BestBuyVision.release.xcconfig */,
				382F0C81FE6CB85E2504E797 /* Pods-BestBuyVision-BestBuyVisionUITests.debug.xcconfig */,
				84AC19D754A28E20EF1FDA65 /* Pods-BestBuyVision-BestBuyVisionUITests.release.xcconfig */,
				8D5AFF8C1FA1A128CC1AC4CC /* Pods-BestBuyVisionTests.debug.xcconfig */,
				197EE6A797D8C8CAA7429E45 /* Pods-BestBuyVisionTests.release.xcconfig */,
			);
			path = Pods;
			sourceTree = "<group>";
		};
		574178322419E62D00970F60 /* Helpers */ = {
			isa = PBXGroup;
			children = (
				57BA1F0323FA0BD700350ADB /* UIShadows.swift */,
				57BA1F0723FA0CCE00350ADB /* UIViewAndExtension.swift */,
				57BA1F0923FA0D1300350ADB /* Colors.swift */,
				57AC72F12454D6E000F23F43 /* SpinnerExtension.swift */,
				576DC480245DFDC6002A9926 /* Utilities.swift */,
				57D406B92470AF850042A7D1 /* MakeToast.swift */,
				AE9C0F0524A3E13800F554C4 /* makeAlert.swift */,
				57724D4324B806DF00AAEBA6 /* GoogleVisionLogoDetector.swift */,
				57724D4524B80AC100AAEBA6 /* GoogleVisionStructs.swift */,
				57A3069724CA3A90007D84BE /* CardsUIView.swift */,
				AE3F2ED324D2096F00F88129 /* ClassificationModels.swift */,
				5749E2EC2523CA440063DB47 /* ApiHandlers.swift */,
			);
			path = Helpers;
			sourceTree = "<group>";
		};
		574178332419E63500970F60 /* Controllers */ = {
			isa = PBXGroup;
			children = (
				AE03AC78243F920800BDF48B /* CGImagePropertyOrientation+UIImageOrientation.swift */,
				57BA1ED723F9995500350ADB /* ViewController.swift */,
				57BA1F0D23FA223700350ADB /* ScanImageViewController.swift */,
				57BA1F0B23FA185400350ADB /* SignupViewController.swift */,
				AEFB8EA824461DA400F89819 /* ProoductsTableViewController.swift */,
				577ECCA124537AFB007AB88D /* ProductTableViewCell.swift */,
				AE5C670B245B41CF0055F9F6 /* ProductDescriptionDetailControllerViewController.swift */,
				578A04062566CA4F00FBB421 /* First_Stage_Categories_Classifier.mlmodel */,
				AE5D4A35251D98FD0020D855 /* GoogleReviewResponse.swift */,
				579B8A222462547C008F3C28 /* GoogleReviewViewController.swift */,
				AE64F12C2472022A00FAD5BF /* ForgotPasswordViewController.swift */,
				5749E3072523CD2D0063DB47 /* OcrViewController.swift */,
				57028AFE2527D16E00051C62 /* MainMenuViewController.swift */,
				5716D7ED253D083100195555 /* SearchHistoryTableViewController.swift */,
				57C3D0B52539117C0050652A /* GoogleReviewTableViewController.swift */,
				AECCEBBC253D123A00CF77B2 /* WIshlistTableViewController.swift */,
				57969412254B92C200C4ADE9 /* DataAnalyticsTableViewController.swift */,
				570910EA254FA0E2005A7E9F /* NoProductsViewController.swift */,
				AEDE2982255BA2950071CACD /* ProductDescriptionTableViewController.swift */,
				578A04102566D95700FBB421 /* ProductSpeficationTableViewController.swift */,
				576E452425686CE7005021C3 /* SettingsViewController.swift */,
				576E452E25689955005021C3 /* CustomerDATableViewController.swift */,
			);
			path = Controllers;
			sourceTree = "<group>";
		};
		57417838241ABF7800970F60 /* Model */ = {
			isa = PBXGroup;
			children = (
				577ECCA32453C77F007AB88D /* Product.swift */,
				AEAFA0E424566C9B00931015 /* User.swift */,
				AE5D4A37252189260020D855 /* GoogleModel.swift */,
				AECCEBD2254FB55A00CF77B2 /* ProductRecommended.swift */,
				578A040B2566D15700FBB421 /* ProductSpecification.swift */,
			);
			path = Model;
			sourceTree = "<group>";
		};
		57422839256765D900290CBF /* DSLR */ = {
			isa = PBXGroup;
			children = (
				5742285B25676DE600290CBF /* CanonInc.mlmodel */,
				5742285C25676DE600290CBF /* Nikon.mlmodel */,
				5742285D25676DE600290CBF /* SonyDSLR.mlmodel */,
			);
			path = DSLR;
			sourceTree = "<group>";
		};
		574228642567707E00290CBF /* Tablets */ = {
			isa = PBXGroup;
			children = (
				57422865256775E000290CBF /* AppleTablets.mlmodel */,
				57422866256775E000290CBF /* MicrosoftTablets.mlmodel */,
				57422867256775E000290CBF /* SamsungTablets.mlmodel */,
			);
			path = Tablets;
			sourceTree = "<group>";
		};
		5742286E2567771B00290CBF /* Printers */ = {
			isa = PBXGroup;
			children = (
				574228702567780A00290CBF /* CanonPrinters.mlmodel */,
				574228712567780A00290CBF /* EpsonPrinters.mlmodel */,
				5742286F2567780900290CBF /* HpPrinters.mlmodel */,
			);
			path = Printers;
			sourceTree = "<group>";
		};
		57422878256779E100290CBF /* MobilePhones */ = {
			isa = PBXGroup;
			children = (
				5742287925677ABD00290CBF /* ApplePhones.mlmodel */,
				5742287A25677ABE00290CBF /* GooglePhones.mlmodel */,
				5742287B25677ABE00290CBF /* SamsungPhones.mlmodel */,
			);
			path = MobilePhones;
			sourceTree = "<group>";
		};
		5742288225677DD200290CBF /* InEarHeadphones */ = {
			isa = PBXGroup;
			children = (
				5742288525677E8D00290CBF /* AppleInEarHeadphones.mlmodel */,
				5742288325677E8C00290CBF /* JBLInEarHeadphones.mlmodel */,
				5742288425677E8D00290CBF /* SonyInEarHeadphones.mlmodel */,
			);
			path = InEarHeadphones;
			sourceTree = "<group>";
		};
		5749E2F42523CC9E0063DB47 /* Components */ = {
			isa = PBXGroup;
			children = (
				5749E2F52523CCB70063DB47 /* OcrTextView.swift */,
				5749E2FD2523CCDE0063DB47 /* ScanButton.swift */,
				5749E3022523CD030063DB47 /* ScanImageView.swift */,
				AECCEBCC254676EA00CF77B2 /* ProductCollectionViewCell.swift */,
			);
			path = Components;
			sourceTree = "<group>";
		};
		57B243E424D72E9E009F4513 /* Headphones */ = {
			isa = PBXGroup;
			children = (
				57028AE62527728F00051C62 /* AudioTechinca.mlmodel */,
				57028AEB2527729000051C62 /* BangAndOlufsen.mlmodel */,
				57028AE82527728F00051C62 /* BeatsElectronics.mlmodel */,
				57028AE92527729000051C62 /* BoseCorporation.mlmodel */,
				57028AE42527728E00051C62 /* Insignia.mlmodel */,
				57028AE52527728F00051C62 /* Jabra.mlmodel */,
				57028AE72527728F00051C62 /* JBL.mlmodel */,
				57028AEC2527729000051C62 /* Sennheiser.mlmodel */,
				57028AEA2527729000051C62 /* Sony.mlmodel */,
			);
			path = Headphones;
			sourceTree = "<group>";
		};
		57BA1EC723F9995500350ADB = {
			isa = PBXGroup;
			children = (
				57BA1ED223F9995500350ADB /* BestBuyVision */,
				57BA1EE923F9995800350ADB /* BestBuyVisionTests */,
				57BA1EF423F9995800350ADB /* BestBuyVisionUITests */,
				57BA1ED123F9995500350ADB /* Products */,
				3F95D4FEBEFEEE4AC6FCB496 /* Pods */,
				62716BC20D260A4D8BCC8702 /* Frameworks */,
			);
			sourceTree = "<group>";
		};
		57BA1ED123F9995500350ADB /* Products */ = {
			isa = PBXGroup;
			children = (
				57BA1ED023F9995500350ADB /* BestBuyVision.app */,
				57BA1EE623F9995800350ADB /* BestBuyVisionTests.xctest */,
				57BA1EF123F9995800350ADB /* BestBuyVisionUITests.xctest */,
			);
			name = Products;
			sourceTree = "<group>";
		};
		57BA1ED223F9995500350ADB /* BestBuyVision */ = {
			isa = PBXGroup;
			children = (
				57C3D0BA25393F410050652A /* TableViewCells */,
				5749E2F42523CC9E0063DB47 /* Components */,
				AE3F2ED524D209CE00F88129 /* CreateMLModels */,
				57417838241ABF7800970F60 /* Model */,
				574178332419E63500970F60 /* Controllers */,
				574178322419E62D00970F60 /* Helpers */,
				57BA1ED323F9995500350ADB /* AppDelegate.swift */,
				57BA1ED523F9995500350ADB /* SceneDelegate.swift */,
				57D655D825219D9C00DDEF5F /* GoogleService-Info.plist */,
				57BA1ED923F9995500350ADB /* Main.storyboard */,
				57BA1EDC23F9995800350ADB /* Assets.xcassets */,
				57BA1EDE23F9995800350ADB /* LaunchScreen.storyboard */,
				57BA1EE123F9995800350ADB /* Info.plist */,
			);
			path = BestBuyVision;
			sourceTree = "<group>";
		};
		57BA1EE923F9995800350ADB /* BestBuyVisionTests */ = {
			isa = PBXGroup;
			children = (
				57BA1EEA23F9995800350ADB /* BestBuyVisionTests.swift */,
				57BA1EEC23F9995800350ADB /* Info.plist */,
			);
			path = BestBuyVisionTests;
			sourceTree = "<group>";
		};
		57BA1EF423F9995800350ADB /* BestBuyVisionUITests */ = {
			isa = PBXGroup;
			children = (
				57BA1EF523F9995800350ADB /* BestBuyVisionUITests.swift */,
				57BA1EF723F9995800350ADB /* Info.plist */,
			);
			path = BestBuyVisionUITests;
			sourceTree = "<group>";
		};
		57C3D0BA25393F410050652A /* TableViewCells */ = {
			isa = PBXGroup;
			children = (
				57C3D0BB25393F670050652A /* GoogleReviewImageTableViewCell.swift */,
				5716D7B8253CD91400195555 /* ProductDetailTableViewCell.swift */,
				5716D7BA253CD93400195555 /* ProductReviewTableViewCell.swift */,
				5716D7BF253CD96000195555 /* ProductVendorCompareTableViewCell.swift */,
				578850B4253D389C00E751E0 /* SearchHistoryTableViewCell.swift */,
				578850B9253D38AC00E751E0 /* WishlistTableViewCell.swift */,
				5796940D254B923A00C4ADE9 /* DataAnalyticsTableViewCell.swift */,
				AEDE2986255BA9250071CACD /* ProductDescriptionImageTableViewCell.swift */,
				AEDE2988255BAA220071CACD /* ProductDescriptionPriceTableViewCell.swift */,
				AEDE298A255BAA360071CACD /* ProductDescriptionOverviewTableViewCell.swift */,
				AEDE298C255BAA4D0071CACD /* ProductDescriptionSpecificationTableViewCell.swift */,
				AEDE298E255BAA690071CACD /* ProductDescriptionGoogleReviewTableViewCell.swift */,
				578A04152566E8BC00FBB421 /* SpeficationTableViewCell.swift */,
				576E452925689917005021C3 /* CompanyRatingsTableViewCell.swift */,
			);
			path = TableViewCells;
			sourceTree = "<group>";
		};
		62716BC20D260A4D8BCC8702 /* Frameworks */ = {
			isa = PBXGroup;
			children = (
				F313EE5A80FD2C039AB7DC1B /* Pods_BestBuyVision.framework */,
				5472AB3CA540F8CF61BCF82B /* Pods_BestBuyVision_BestBuyVisionUITests.framework */,
				5DBF56B51AAEA90B739630B5 /* Pods_BestBuyVisionTests.framework */,
			);
			name = Frameworks;
			sourceTree = "<group>";
		};
		AE3F2ED524D209CE00F88129 /* CreateMLModels */ = {
			isa = PBXGroup;
			children = (
				5742288225677DD200290CBF /* InEarHeadphones */,
				57422878256779E100290CBF /* MobilePhones */,
				5742286E2567771B00290CBF /* Printers */,
				574228642567707E00290CBF /* Tablets */,
				57422839256765D900290CBF /* DSLR */,
				57B243E424D72E9E009F4513 /* Headphones */,
				AE3F2EDC24D20E8B00F88129 /* Laptops */,
			);
			path = CreateMLModels;
			sourceTree = "<group>";
		};
		AE3F2EDC24D20E8B00F88129 /* Laptops */ = {
			isa = PBXGroup;
			children = (
				57028AD22527727600051C62 /* AcerInc.mlmodel */,
				57028ACF2527727600051C62 /* AppleInc.mlmodel */,
				57028ACD2527727500051C62 /* ASUS.mlmodel */,
				57028ADD2527727C00051C62 /* MicrosoftCorporation.mlmodel */,
				57028ADE2527727C00051C62 /* RazerInc.mlmodel */,
				57028AD12527727600051C62 /* Dell.mlmodel */,
				57028ACE2527727500051C62 /* Hewlett-Packard.mlmodel */,
				57028AD02527727600051C62 /* Lenovo.mlmodel */,
				57028ACC2527727500051C62 /* Micro-Star International.mlmodel */,
			);
			path = Laptops;
			sourceTree = "<group>";
		};
/* End PBXGroup section */

/* Begin PBXNativeTarget section */
		57BA1ECF23F9995500350ADB /* BestBuyVision */ = {
			isa = PBXNativeTarget;
			buildConfigurationList = 57BA1EFA23F9995800350ADB /* Build configuration list for PBXNativeTarget "BestBuyVision" */;
			buildPhases = (
				0E908F867F1F188F1946DBA7 /* [CP] Check Pods Manifest.lock */,
				57BA1ECC23F9995500350ADB /* Sources */,
				57BA1ECD23F9995500350ADB /* Frameworks */,
				57BA1ECE23F9995500350ADB /* Resources */,
				E4724FFD95C5689BC5920C8F /* [CP] Copy Pods Resources */,
				49822B393A2C330E794460C0 /* [CP] Embed Pods Frameworks */,
			);
			buildRules = (
			);
			dependencies = (
			);
			name = BestBuyVision;
			productName = BestBuyVision;
			productReference = 57BA1ED023F9995500350ADB /* BestBuyVision.app */;
			productType = "com.apple.product-type.application";
		};
		57BA1EE523F9995800350ADB /* BestBuyVisionTests */ = {
			isa = PBXNativeTarget;
			buildConfigurationList = 57BA1EFD23F9995800350ADB /* Build configuration list for PBXNativeTarget "BestBuyVisionTests" */;
			buildPhases = (
				2409ACCC2374CEC9795F1312 /* [CP] Check Pods Manifest.lock */,
				57BA1EE223F9995800350ADB /* Sources */,
				57BA1EE323F9995800350ADB /* Frameworks */,
				57BA1EE423F9995800350ADB /* Resources */,
			);
			buildRules = (
			);
			dependencies = (
				57BA1EE823F9995800350ADB /* PBXTargetDependency */,
			);
			name = BestBuyVisionTests;
			productName = BestBuyVisionTests;
			productReference = 57BA1EE623F9995800350ADB /* BestBuyVisionTests.xctest */;
			productType = "com.apple.product-type.bundle.unit-test";
		};
		57BA1EF023F9995800350ADB /* BestBuyVisionUITests */ = {
			isa = PBXNativeTarget;
			buildConfigurationList = 57BA1F0023F9995800350ADB /* Build configuration list for PBXNativeTarget "BestBuyVisionUITests" */;
			buildPhases = (
				0FE58F0314A2B16299523FBA /* [CP] Check Pods Manifest.lock */,
				57BA1EED23F9995800350ADB /* Sources */,
				57BA1EEE23F9995800350ADB /* Frameworks */,
				57BA1EEF23F9995800350ADB /* Resources */,
				3A17B501EADE34FE3DA90D45 /* [CP] Copy Pods Resources */,
				22C0D09CE9E71957BB5CCD7E /* [CP] Embed Pods Frameworks */,
			);
			buildRules = (
			);
			dependencies = (
				57BA1EF323F9995800350ADB /* PBXTargetDependency */,
			);
			name = BestBuyVisionUITests;
			productName = BestBuyVisionUITests;
			productReference = 57BA1EF123F9995800350ADB /* BestBuyVisionUITests.xctest */;
			productType = "com.apple.product-type.bundle.ui-testing";
		};
/* End PBXNativeTarget section */

/* Begin PBXProject section */
		57BA1EC823F9995500350ADB /* Project object */ = {
			isa = PBXProject;
			attributes = {
				LastSwiftUpdateCheck = 1130;
				LastUpgradeCheck = 1130;
				ORGANIZATIONNAME = "Rathin Chopra";
				TargetAttributes = {
					57BA1ECF23F9995500350ADB = {
						CreatedOnToolsVersion = 11.3.1;
					};
					57BA1EE523F9995800350ADB = {
						CreatedOnToolsVersion = 11.3.1;
						TestTargetID = 57BA1ECF23F9995500350ADB;
					};
					57BA1EF023F9995800350ADB = {
						CreatedOnToolsVersion = 11.3.1;
						TestTargetID = 57BA1ECF23F9995500350ADB;
					};
				};
			};
			buildConfigurationList = 57BA1ECB23F9995500350ADB /* Build configuration list for PBXProject "BestBuyVision" */;
			compatibilityVersion = "Xcode 9.3";
			developmentRegion = en;
			hasScannedForEncodings = 0;
			knownRegions = (
				en,
				Base,
			);
			mainGroup = 57BA1EC723F9995500350ADB;
			productRefGroup = 57BA1ED123F9995500350ADB /* Products */;
			projectDirPath = "";
			projectRoot = "";
			targets = (
				57BA1ECF23F9995500350ADB /* BestBuyVision */,
				57BA1EE523F9995800350ADB /* BestBuyVisionTests */,
				57BA1EF023F9995800350ADB /* BestBuyVisionUITests */,
			);
		};
/* End PBXProject section */

/* Begin PBXResourcesBuildPhase section */
		57BA1ECE23F9995500350ADB /* Resources */ = {
			isa = PBXResourcesBuildPhase;
			buildActionMask = 2147483647;
			files = (
				57BA1EE023F9995800350ADB /* LaunchScreen.storyboard in Resources */,
				57D655D925219D9C00DDEF5F /* GoogleService-Info.plist in Resources */,
				57BA1EDD23F9995800350ADB /* Assets.xcassets in Resources */,
				57BA1EDB23F9995500350ADB /* Main.storyboard in Resources */,
			);
			runOnlyForDeploymentPostprocessing = 0;
		};
		57BA1EE423F9995800350ADB /* Resources */ = {
			isa = PBXResourcesBuildPhase;
			buildActionMask = 2147483647;
			files = (
			);
			runOnlyForDeploymentPostprocessing = 0;
		};
		57BA1EEF23F9995800350ADB /* Resources */ = {
			isa = PBXResourcesBuildPhase;
			buildActionMask = 2147483647;
			files = (
			);
			runOnlyForDeploymentPostprocessing = 0;
		};
/* End PBXResourcesBuildPhase section */

/* Begin PBXShellScriptBuildPhase section */
		0E908F867F1F188F1946DBA7 /* [CP] Check Pods Manifest.lock */ = {
			isa = PBXShellScriptBuildPhase;
			buildActionMask = 2147483647;
			files = (
			);
			inputFileListPaths = (
			);
			inputPaths = (
				"${PODS_PODFILE_DIR_PATH}/Podfile.lock",
				"${PODS_ROOT}/Manifest.lock",
			);
			name = "[CP] Check Pods Manifest.lock";
			outputFileListPaths = (
			);
			outputPaths = (
				"$(DERIVED_FILE_DIR)/Pods-BestBuyVision-checkManifestLockResult.txt",
			);
			runOnlyForDeploymentPostprocessing = 0;
			shellPath = /bin/sh;
			shellScript = "diff \"${PODS_PODFILE_DIR_PATH}/Podfile.lock\" \"${PODS_ROOT}/Manifest.lock\" > /dev/null\nif [ $? != 0 ] ; then\n    # print error to STDERR\n    echo \"error: The sandbox is not in sync with the Podfile.lock. Run 'pod install' or update your CocoaPods installation.\" >&2\n    exit 1\nfi\n# This output is used by Xcode 'outputs' to avoid re-running this script phase.\necho \"SUCCESS\" > \"${SCRIPT_OUTPUT_FILE_0}\"\n";
			showEnvVarsInLog = 0;
		};
		0FE58F0314A2B16299523FBA /* [CP] Check Pods Manifest.lock */ = {
			isa = PBXShellScriptBuildPhase;
			buildActionMask = 2147483647;
			files = (
			);
			inputFileListPaths = (
			);
			inputPaths = (
				"${PODS_PODFILE_DIR_PATH}/Podfile.lock",
				"${PODS_ROOT}/Manifest.lock",
			);
			name = "[CP] Check Pods Manifest.lock";
			outputFileListPaths = (
			);
			outputPaths = (
				"$(DERIVED_FILE_DIR)/Pods-BestBuyVision-BestBuyVisionUITests-checkManifestLockResult.txt",
			);
			runOnlyForDeploymentPostprocessing = 0;
			shellPath = /bin/sh;
			shellScript = "diff \"${PODS_PODFILE_DIR_PATH}/Podfile.lock\" \"${PODS_ROOT}/Manifest.lock\" > /dev/null\nif [ $? != 0 ] ; then\n    # print error to STDERR\n    echo \"error: The sandbox is not in sync with the Podfile.lock. Run 'pod install' or update your CocoaPods installation.\" >&2\n    exit 1\nfi\n# This output is used by Xcode 'outputs' to avoid re-running this script phase.\necho \"SUCCESS\" > \"${SCRIPT_OUTPUT_FILE_0}\"\n";
			showEnvVarsInLog = 0;
		};
		22C0D09CE9E71957BB5CCD7E /* [CP] Embed Pods Frameworks */ = {
			isa = PBXShellScriptBuildPhase;
			buildActionMask = 2147483647;
			files = (
			);
			inputFileListPaths = (
				"${PODS_ROOT}/Target Support Files/Pods-BestBuyVision-BestBuyVisionUITests/Pods-BestBuyVision-BestBuyVisionUITests-frameworks-${CONFIGURATION}-input-files.xcfilelist",
			);
			name = "[CP] Embed Pods Frameworks";
			outputFileListPaths = (
				"${PODS_ROOT}/Target Support Files/Pods-BestBuyVision-BestBuyVisionUITests/Pods-BestBuyVision-BestBuyVisionUITests-frameworks-${CONFIGURATION}-output-files.xcfilelist",
			);
			runOnlyForDeploymentPostprocessing = 0;
			shellPath = /bin/sh;
			shellScript = "\"${PODS_ROOT}/Target Support Files/Pods-BestBuyVision-BestBuyVisionUITests/Pods-BestBuyVision-BestBuyVisionUITests-frameworks.sh\"\n";
			showEnvVarsInLog = 0;
		};
		2409ACCC2374CEC9795F1312 /* [CP] Check Pods Manifest.lock */ = {
			isa = PBXShellScriptBuildPhase;
			buildActionMask = 2147483647;
			files = (
			);
			inputFileListPaths = (
			);
			inputPaths = (
				"${PODS_PODFILE_DIR_PATH}/Podfile.lock",
				"${PODS_ROOT}/Manifest.lock",
			);
			name = "[CP] Check Pods Manifest.lock";
			outputFileListPaths = (
			);
			outputPaths = (
				"$(DERIVED_FILE_DIR)/Pods-BestBuyVisionTests-checkManifestLockResult.txt",
			);
			runOnlyForDeploymentPostprocessing = 0;
			shellPath = /bin/sh;
			shellScript = "diff \"${PODS_PODFILE_DIR_PATH}/Podfile.lock\" \"${PODS_ROOT}/Manifest.lock\" > /dev/null\nif [ $? != 0 ] ; then\n    # print error to STDERR\n    echo \"error: The sandbox is not in sync with the Podfile.lock. Run 'pod install' or update your CocoaPods installation.\" >&2\n    exit 1\nfi\n# This output is used by Xcode 'outputs' to avoid re-running this script phase.\necho \"SUCCESS\" > \"${SCRIPT_OUTPUT_FILE_0}\"\n";
			showEnvVarsInLog = 0;
		};
		3A17B501EADE34FE3DA90D45 /* [CP] Copy Pods Resources */ = {
			isa = PBXShellScriptBuildPhase;
			buildActionMask = 2147483647;
			files = (
			);
			inputFileListPaths = (
				"${PODS_ROOT}/Target Support Files/Pods-BestBuyVision-BestBuyVisionUITests/Pods-BestBuyVision-BestBuyVisionUITests-resources-${CONFIGURATION}-input-files.xcfilelist",
			);
			name = "[CP] Copy Pods Resources";
			outputFileListPaths = (
				"${PODS_ROOT}/Target Support Files/Pods-BestBuyVision-BestBuyVisionUITests/Pods-BestBuyVision-BestBuyVisionUITests-resources-${CONFIGURATION}-output-files.xcfilelist",
			);
			runOnlyForDeploymentPostprocessing = 0;
			shellPath = /bin/sh;
			shellScript = "\"${PODS_ROOT}/Target Support Files/Pods-BestBuyVision-BestBuyVisionUITests/Pods-BestBuyVision-BestBuyVisionUITests-resources.sh\"\n";
			showEnvVarsInLog = 0;
		};
		49822B393A2C330E794460C0 /* [CP] Embed Pods Frameworks */ = {
			isa = PBXShellScriptBuildPhase;
			buildActionMask = 2147483647;
			files = (
			);
			inputFileListPaths = (
				"${PODS_ROOT}/Target Support Files/Pods-BestBuyVision/Pods-BestBuyVision-frameworks-${CONFIGURATION}-input-files.xcfilelist",
			);
			name = "[CP] Embed Pods Frameworks";
			outputFileListPaths = (
				"${PODS_ROOT}/Target Support Files/Pods-BestBuyVision/Pods-BestBuyVision-frameworks-${CONFIGURATION}-output-files.xcfilelist",
			);
			runOnlyForDeploymentPostprocessing = 0;
			shellPath = /bin/sh;
			shellScript = "\"${PODS_ROOT}/Target Support Files/Pods-BestBuyVision/Pods-BestBuyVision-frameworks.sh\"\n";
			showEnvVarsInLog = 0;
		};
		E4724FFD95C5689BC5920C8F /* [CP] Copy Pods Resources */ = {
			isa = PBXShellScriptBuildPhase;
			buildActionMask = 2147483647;
			files = (
			);
			inputFileListPaths = (
				"${PODS_ROOT}/Target Support Files/Pods-BestBuyVision/Pods-BestBuyVision-resources-${CONFIGURATION}-input-files.xcfilelist",
			);
			name = "[CP] Copy Pods Resources";
			outputFileListPaths = (
				"${PODS_ROOT}/Target Support Files/Pods-BestBuyVision/Pods-BestBuyVision-resources-${CONFIGURATION}-output-files.xcfilelist",
			);
			runOnlyForDeploymentPostprocessing = 0;
			shellPath = /bin/sh;
			shellScript = "\"${PODS_ROOT}/Target Support Files/Pods-BestBuyVision/Pods-BestBuyVision-resources.sh\"\n";
			showEnvVarsInLog = 0;
		};
/* End PBXShellScriptBuildPhase section */

/* Begin PBXSourcesBuildPhase section */
		57BA1ECC23F9995500350ADB /* Sources */ = {
			isa = PBXSourcesBuildPhase;
			buildActionMask = 2147483647;
			files = (
				57028AED2527729100051C62 /* Insignia.mlmodel in Sources */,
				AE5D4A36251D98FD0020D855 /* GoogleReviewResponse.swift in Sources */,
				5742288725677E8D00290CBF /* SonyInEarHeadphones.mlmodel in Sources */,
				579B8A232462547C008F3C28 /* GoogleReviewViewController.swift in Sources */,
				5716D7C0253CD96000195555 /* ProductVendorCompareTableViewCell.swift in Sources */,
				57BA1ED823F9995500350ADB /* ViewController.swift in Sources */,
				5796940E254B923A00C4ADE9 /* DataAnalyticsTableViewCell.swift in Sources */,
				5742286025676DE600290CBF /* SonyDSLR.mlmodel in Sources */,
				57028AEE2527729100051C62 /* Jabra.mlmodel in Sources */,
				578A04162566E8BC00FBB421 /* SpeficationTableViewCell.swift in Sources */,
				578A040C2566D15700FBB421 /* ProductSpecification.swift in Sources */,
				57028AF42527729100051C62 /* BangAndOlufsen.mlmodel in Sources */,
				5749E2ED2523CA440063DB47 /* ApiHandlers.swift in Sources */,
				57028AF02527729100051C62 /* JBL.mlmodel in Sources */,
				57969413254B92C200C4ADE9 /* DataAnalyticsTableViewController.swift in Sources */,
				5716D7EE253D083100195555 /* SearchHistoryTableViewController.swift in Sources */,
				57BA1F0C23FA185400350ADB /* SignupViewController.swift in Sources */,
				57028AF12527729100051C62 /* BeatsElectronics.mlmodel in Sources */,
				57BA1F0A23FA0D1300350ADB /* Colors.swift in Sources */,
				57028AD52527727600051C62 /* Hewlett-Packard.mlmodel in Sources */,
				5742287D25677ABE00290CBF /* GooglePhones.mlmodel in Sources */,
				57C3D0BC25393F670050652A /* GoogleReviewImageTableViewCell.swift in Sources */,
				57BA1F0423FA0BD700350ADB /* UIShadows.swift in Sources */,
				AE03AC79243F920800BDF48B /* CGImagePropertyOrientation+UIImageOrientation.swift in Sources */,
				57028AF32527729100051C62 /* Sony.mlmodel in Sources */,
				5749E2F62523CCB70063DB47 /* OcrTextView.swift in Sources */,
				577ECCA224537AFB007AB88D /* ProductTableViewCell.swift in Sources */,
				578850BA253D38AC00E751E0 /* WishlistTableViewCell.swift in Sources */,
				AECCEBD3254FB55A00CF77B2 /* ProductRecommended.swift in Sources */,
				57C3D0B62539117C0050652A /* GoogleReviewTableViewController.swift in Sources */,
				57028AF22527729100051C62 /* BoseCorporation.mlmodel in Sources */,
				57028AD72527727600051C62 /* Lenovo.mlmodel in Sources */,
				576E452A25689918005021C3 /* CompanyRatingsTableViewCell.swift in Sources */,
				578A04072566CA4F00FBB421 /* First_Stage_Categories_Classifier.mlmodel in Sources */,
				57A3069824CA3A90007D84BE /* CardsUIView.swift in Sources */,
				AE3F2ED424D2096F00F88129 /* ClassificationModels.swift in Sources */,
				AE5D4A38252189260020D855 /* GoogleModel.swift in Sources */,
				57028AF52527729100051C62 /* Sennheiser.mlmodel in Sources */,
				57724D4624B80AC100AAEBA6 /* GoogleVisionStructs.swift in Sources */,
				57028AD62527727600051C62 /* AppleInc.mlmodel in Sources */,
				57028ADF2527727C00051C62 /* MicrosoftCorporation.mlmodel in Sources */,
				57724D4424B806DF00AAEBA6 /* GoogleVisionLogoDetector.swift in Sources */,
				57028AEF2527729100051C62 /* AudioTechinca.mlmodel in Sources */,
				57BA1ED423F9995500350ADB /* AppDelegate.swift in Sources */,
				5716D7B9253CD91400195555 /* ProductDetailTableViewCell.swift in Sources */,
				5742285E25676DE600290CBF /* CanonInc.mlmodel in Sources */,
				57422868256775E000290CBF /* AppleTablets.mlmodel in Sources */,
				5742288825677E8D00290CBF /* AppleInEarHeadphones.mlmodel in Sources */,
				574228722567780A00290CBF /* HpPrinters.mlmodel in Sources */,
				AEDE298D255BAA4D0071CACD /* ProductDescriptionSpecificationTableViewCell.swift in Sources */,
				57422869256775E000290CBF /* MicrosoftTablets.mlmodel in Sources */,
				AEDE298F255BAA690071CACD /* ProductDescriptionGoogleReviewTableViewCell.swift in Sources */,
				AE9C0F0624A3E13800F554C4 /* makeAlert.swift in Sources */,
				578A04112566D95700FBB421 /* ProductSpeficationTableViewController.swift in Sources */,
				576E452525686CE7005021C3 /* SettingsViewController.swift in Sources */,
				57BA1F0823FA0CCE00350ADB /* UIViewAndExtension.swift in Sources */,
				574228742567780A00290CBF /* EpsonPrinters.mlmodel in Sources */,
				57D406BA2470AF850042A7D1 /* MakeToast.swift in Sources */,
				570910EB254FA0E3005A7E9F /* NoProductsViewController.swift in Sources */,
				5749E3032523CD030063DB47 /* ScanImageView.swift in Sources */,
				AEAFA0E524566C9B00931015 /* User.swift in Sources */,
				AEDE2989255BAA220071CACD /* ProductDescriptionPriceTableViewCell.swift in Sources */,
				5742285F25676DE600290CBF /* Nikon.mlmodel in Sources */,
				AEDE298B255BAA360071CACD /* ProductDescriptionOverviewTableViewCell.swift in Sources */,
				576DC481245DFDC6002A9926 /* Utilities.swift in Sources */,
				57BA1ED623F9995500350ADB /* SceneDelegate.swift in Sources */,
				AECCEBBD253D123A00CF77B2 /* WIshlistTableViewController.swift in Sources */,
				AECCEBCD254676EA00CF77B2 /* ProductCollectionViewCell.swift in Sources */,
				57028AD32527727600051C62 /* Micro-Star International.mlmodel in Sources */,
				AEFB8EA924461DA400F89819 /* ProoductsTableViewController.swift in Sources */,
				AE5C670C245B41CF0055F9F6 /* ProductDescriptionDetailControllerViewController.swift in Sources */,
				5742287C25677ABE00290CBF /* ApplePhones.mlmodel in Sources */,
				AE64F12D2472022A00FAD5BF /* ForgotPasswordViewController.swift in Sources */,
				5749E3082523CD2D0063DB47 /* OcrViewController.swift in Sources */,
				5742288625677E8D00290CBF /* JBLInEarHeadphones.mlmodel in Sources */,
				57AC72F22454D6E000F23F43 /* SpinnerExtension.swift in Sources */,
				57028AD42527727600051C62 /* ASUS.mlmodel in Sources */,
				57028AD92527727600051C62 /* AcerInc.mlmodel in Sources */,
				5749E2FE2523CCDE0063DB47 /* ScanButton.swift in Sources */,
				5716D7BB253CD93400195555 /* ProductReviewTableViewCell.swift in Sources */,
				576E452F25689955005021C3 /* CustomerDATableViewController.swift in Sources */,
				57BA1F0E23FA223700350ADB /* ScanImageViewController.swift in Sources */,
				57028AFF2527D16E00051C62 /* MainMenuViewController.swift in Sources */,
				AEDE2987255BA9250071CACD /* ProductDescriptionImageTableViewCell.swift in Sources */,
				5742287E25677ABE00290CBF /* SamsungPhones.mlmodel in Sources */,
				577ECCA42453C77F007AB88D /* Product.swift in Sources */,
				5742286A256775E000290CBF /* SamsungTablets.mlmodel in Sources */,
				574228732567780A00290CBF /* CanonPrinters.mlmodel in Sources */,
				57028AD82527727600051C62 /* Dell.mlmodel in Sources */,
				57028AE02527727C00051C62 /* RazerInc.mlmodel in Sources */,
				AEDE2983255BA2950071CACD /* ProductDescriptionTableViewController.swift in Sources */,
				578850B5253D389C00E751E0 /* SearchHistoryTableViewCell.swift in Sources */,
			);
			runOnlyForDeploymentPostprocessing = 0;
		};
		57BA1EE223F9995800350ADB /* Sources */ = {
			isa = PBXSourcesBuildPhase;
			buildActionMask = 2147483647;
			files = (
				57BA1EEB23F9995800350ADB /* BestBuyVisionTests.swift in Sources */,
			);
			runOnlyForDeploymentPostprocessing = 0;
		};
		57BA1EED23F9995800350ADB /* Sources */ = {
			isa = PBXSourcesBuildPhase;
			buildActionMask = 2147483647;
			files = (
				57BA1EF623F9995800350ADB /* BestBuyVisionUITests.swift in Sources */,
			);
			runOnlyForDeploymentPostprocessing = 0;
		};
/* End PBXSourcesBuildPhase section */

/* Begin PBXTargetDependency section */
		57BA1EE823F9995800350ADB /* PBXTargetDependency */ = {
			isa = PBXTargetDependency;
			target = 57BA1ECF23F9995500350ADB /* BestBuyVision */;
			targetProxy = 57BA1EE723F9995800350ADB /* PBXContainerItemProxy */;
		};
		57BA1EF323F9995800350ADB /* PBXTargetDependency */ = {
			isa = PBXTargetDependency;
			target = 57BA1ECF23F9995500350ADB /* BestBuyVision */;
			targetProxy = 57BA1EF223F9995800350ADB /* PBXContainerItemProxy */;
		};
/* End PBXTargetDependency section */

/* Begin PBXVariantGroup section */
		57BA1ED923F9995500350ADB /* Main.storyboard */ = {
			isa = PBXVariantGroup;
			children = (
				57BA1EDA23F9995500350ADB /* Base */,
			);
			name = Main.storyboard;
			sourceTree = "<group>";
		};
		57BA1EDE23F9995800350ADB /* LaunchScreen.storyboard */ = {
			isa = PBXVariantGroup;
			children = (
				57BA1EDF23F9995800350ADB /* Base */,
			);
			name = LaunchScreen.storyboard;
			sourceTree = "<group>";
		};
/* End PBXVariantGroup section */

/* Begin XCBuildConfiguration section */
		57BA1EF823F9995800350ADB /* Debug */ = {
			isa = XCBuildConfiguration;
			buildSettings = {
				ALWAYS_SEARCH_USER_PATHS = NO;
				CLANG_ANALYZER_NONNULL = YES;
				CLANG_ANALYZER_NUMBER_OBJECT_CONVERSION = YES_AGGRESSIVE;
				CLANG_CXX_LANGUAGE_STANDARD = "gnu++14";
				CLANG_CXX_LIBRARY = "libc++";
				CLANG_ENABLE_MODULES = YES;
				CLANG_ENABLE_OBJC_ARC = YES;
				CLANG_ENABLE_OBJC_WEAK = YES;
				CLANG_WARN_BLOCK_CAPTURE_AUTORELEASING = YES;
				CLANG_WARN_BOOL_CONVERSION = YES;
				CLANG_WARN_COMMA = YES;
				CLANG_WARN_CONSTANT_CONVERSION = YES;
				CLANG_WARN_DEPRECATED_OBJC_IMPLEMENTATIONS = YES;
				CLANG_WARN_DIRECT_OBJC_ISA_USAGE = YES_ERROR;
				CLANG_WARN_DOCUMENTATION_COMMENTS = YES;
				CLANG_WARN_EMPTY_BODY = YES;
				CLANG_WARN_ENUM_CONVERSION = YES;
				CLANG_WARN_INFINITE_RECURSION = YES;
				CLANG_WARN_INT_CONVERSION = YES;
				CLANG_WARN_NON_LITERAL_NULL_CONVERSION = YES;
				CLANG_WARN_OBJC_IMPLICIT_RETAIN_SELF = YES;
				CLANG_WARN_OBJC_LITERAL_CONVERSION = YES;
				CLANG_WARN_OBJC_ROOT_CLASS = YES_ERROR;
				CLANG_WARN_RANGE_LOOP_ANALYSIS = YES;
				CLANG_WARN_STRICT_PROTOTYPES = YES;
				CLANG_WARN_SUSPICIOUS_MOVE = YES;
				CLANG_WARN_UNGUARDED_AVAILABILITY = YES_AGGRESSIVE;
				CLANG_WARN_UNREACHABLE_CODE = YES;
				CLANG_WARN__DUPLICATE_METHOD_MATCH = YES;
				COPY_PHASE_STRIP = NO;
				DEBUG_INFORMATION_FORMAT = dwarf;
				ENABLE_BITCODE = YES;
				ENABLE_STRICT_OBJC_MSGSEND = YES;
				ENABLE_TESTABILITY = YES;
				GCC_C_LANGUAGE_STANDARD = gnu11;
				GCC_DYNAMIC_NO_PIC = NO;
				GCC_NO_COMMON_BLOCKS = YES;
				GCC_OPTIMIZATION_LEVEL = 0;
				GCC_PREPROCESSOR_DEFINITIONS = (
					"DEBUG=1",
					"$(inherited)",
				);
				GCC_WARN_64_TO_32_BIT_CONVERSION = YES;
				GCC_WARN_ABOUT_RETURN_TYPE = YES_ERROR;
				GCC_WARN_UNDECLARED_SELECTOR = YES;
				GCC_WARN_UNINITIALIZED_AUTOS = YES_AGGRESSIVE;
				GCC_WARN_UNUSED_FUNCTION = YES;
				GCC_WARN_UNUSED_VARIABLE = YES;
				IPHONEOS_DEPLOYMENT_TARGET = 13.2;
				MTL_ENABLE_DEBUG_INFO = INCLUDE_SOURCE;
				MTL_FAST_MATH = YES;
				ONLY_ACTIVE_ARCH = YES;
				SDKROOT = iphoneos;
				SWIFT_ACTIVE_COMPILATION_CONDITIONS = DEBUG;
				SWIFT_COMPILATION_MODE = wholemodule;
				SWIFT_OPTIMIZATION_LEVEL = "-Onone";
			};
			name = Debug;
		};
		57BA1EF923F9995800350ADB /* Release */ = {
			isa = XCBuildConfiguration;
			buildSettings = {
				ALWAYS_SEARCH_USER_PATHS = NO;
				CLANG_ANALYZER_NONNULL = YES;
				CLANG_ANALYZER_NUMBER_OBJECT_CONVERSION = YES_AGGRESSIVE;
				CLANG_CXX_LANGUAGE_STANDARD = "gnu++14";
				CLANG_CXX_LIBRARY = "libc++";
				CLANG_ENABLE_MODULES = YES;
				CLANG_ENABLE_OBJC_ARC = YES;
				CLANG_ENABLE_OBJC_WEAK = YES;
				CLANG_WARN_BLOCK_CAPTURE_AUTORELEASING = YES;
				CLANG_WARN_BOOL_CONVERSION = YES;
				CLANG_WARN_COMMA = YES;
				CLANG_WARN_CONSTANT_CONVERSION = YES;
				CLANG_WARN_DEPRECATED_OBJC_IMPLEMENTATIONS = YES;
				CLANG_WARN_DIRECT_OBJC_ISA_USAGE = YES_ERROR;
				CLANG_WARN_DOCUMENTATION_COMMENTS = YES;
				CLANG_WARN_EMPTY_BODY = YES;
				CLANG_WARN_ENUM_CONVERSION = YES;
				CLANG_WARN_INFINITE_RECURSION = YES;
				CLANG_WARN_INT_CONVERSION = YES;
				CLANG_WARN_NON_LITERAL_NULL_CONVERSION = YES;
				CLANG_WARN_OBJC_IMPLICIT_RETAIN_SELF = YES;
				CLANG_WARN_OBJC_LITERAL_CONVERSION = YES;
				CLANG_WARN_OBJC_ROOT_CLASS = YES_ERROR;
				CLANG_WARN_RANGE_LOOP_ANALYSIS = YES;
				CLANG_WARN_STRICT_PROTOTYPES = YES;
				CLANG_WARN_SUSPICIOUS_MOVE = YES;
				CLANG_WARN_UNGUARDED_AVAILABILITY = YES_AGGRESSIVE;
				CLANG_WARN_UNREACHABLE_CODE = YES;
				CLANG_WARN__DUPLICATE_METHOD_MATCH = YES;
				COPY_PHASE_STRIP = NO;
				DEBUG_INFORMATION_FORMAT = "dwarf-with-dsym";
				ENABLE_BITCODE = YES;
				ENABLE_NS_ASSERTIONS = NO;
				ENABLE_STRICT_OBJC_MSGSEND = YES;
				GCC_C_LANGUAGE_STANDARD = gnu11;
				GCC_NO_COMMON_BLOCKS = YES;
				GCC_WARN_64_TO_32_BIT_CONVERSION = YES;
				GCC_WARN_ABOUT_RETURN_TYPE = YES_ERROR;
				GCC_WARN_UNDECLARED_SELECTOR = YES;
				GCC_WARN_UNINITIALIZED_AUTOS = YES_AGGRESSIVE;
				GCC_WARN_UNUSED_FUNCTION = YES;
				GCC_WARN_UNUSED_VARIABLE = YES;
				IPHONEOS_DEPLOYMENT_TARGET = 13.2;
				MTL_ENABLE_DEBUG_INFO = NO;
				MTL_FAST_MATH = YES;
				SDKROOT = iphoneos;
				SWIFT_COMPILATION_MODE = wholemodule;
				SWIFT_OPTIMIZATION_LEVEL = "-O";
				VALIDATE_PRODUCT = YES;
			};
			name = Release;
		};
		57BA1EFB23F9995800350ADB /* Debug */ = {
			isa = XCBuildConfiguration;
			baseConfigurationReference = A35EA5A16B20F759BD1C2F23 /* Pods-BestBuyVision.debug.xcconfig */;
			buildSettings = {
				ASSETCATALOG_COMPILER_APPICON_NAME = AppIcon;
				CODE_SIGN_STYLE = Automatic;
				DEVELOPMENT_TEAM = R9N5FV6Q6G;
				INFOPLIST_FILE = BestBuyVision/Info.plist;
				LD_RUNPATH_SEARCH_PATHS = (
					"$(inherited)",
					"@executable_path/Frameworks",
				);
				PRODUCT_BUNDLE_IDENTIFIER = EagleEye.BestBuyVision;
				PRODUCT_NAME = "$(TARGET_NAME)";
				SWIFT_VERSION = 5.0;
				TARGETED_DEVICE_FAMILY = "1,2";
			};
			name = Debug;
		};
		57BA1EFC23F9995800350ADB /* Release */ = {
			isa = XCBuildConfiguration;
			baseConfigurationReference = 524B65D0BC7D6BFB0010137A /* Pods-BestBuyVision.release.xcconfig */;
			buildSettings = {
				ASSETCATALOG_COMPILER_APPICON_NAME = AppIcon;
				CODE_SIGN_STYLE = Automatic;
				DEVELOPMENT_TEAM = R9N5FV6Q6G;
				INFOPLIST_FILE = BestBuyVision/Info.plist;
				LD_RUNPATH_SEARCH_PATHS = (
					"$(inherited)",
					"@executable_path/Frameworks",
				);
				PRODUCT_BUNDLE_IDENTIFIER = EagleEye.BestBuyVision;
				PRODUCT_NAME = "$(TARGET_NAME)";
				SWIFT_VERSION = 5.0;
				TARGETED_DEVICE_FAMILY = "1,2";
			};
			name = Release;
		};
		57BA1EFE23F9995800350ADB /* Debug */ = {
			isa = XCBuildConfiguration;
			baseConfigurationReference = 8D5AFF8C1FA1A128CC1AC4CC /* Pods-BestBuyVisionTests.debug.xcconfig */;
			buildSettings = {
				ALWAYS_EMBED_SWIFT_STANDARD_LIBRARIES = YES;
				BUNDLE_LOADER = "$(TEST_HOST)";
				CODE_SIGN_STYLE = Automatic;
				INFOPLIST_FILE = BestBuyVisionTests/Info.plist;
				IPHONEOS_DEPLOYMENT_TARGET = 13.2;
				LD_RUNPATH_SEARCH_PATHS = (
					"$(inherited)",
					"@executable_path/Frameworks",
					"@loader_path/Frameworks",
				);
				PRODUCT_BUNDLE_IDENTIFIER = EagleEye.BestBuyVisionTests;
				PRODUCT_NAME = "$(TARGET_NAME)";
				SWIFT_VERSION = 5.0;
				TARGETED_DEVICE_FAMILY = "1,2";
				TEST_HOST = "$(BUILT_PRODUCTS_DIR)/BestBuyVision.app/BestBuyVision";
			};
			name = Debug;
		};
		57BA1EFF23F9995800350ADB /* Release */ = {
			isa = XCBuildConfiguration;
			baseConfigurationReference = 197EE6A797D8C8CAA7429E45 /* Pods-BestBuyVisionTests.release.xcconfig */;
			buildSettings = {
				ALWAYS_EMBED_SWIFT_STANDARD_LIBRARIES = YES;
				BUNDLE_LOADER = "$(TEST_HOST)";
				CODE_SIGN_STYLE = Automatic;
				INFOPLIST_FILE = BestBuyVisionTests/Info.plist;
				IPHONEOS_DEPLOYMENT_TARGET = 13.2;
				LD_RUNPATH_SEARCH_PATHS = (
					"$(inherited)",
					"@executable_path/Frameworks",
					"@loader_path/Frameworks",
				);
				PRODUCT_BUNDLE_IDENTIFIER = EagleEye.BestBuyVisionTests;
				PRODUCT_NAME = "$(TARGET_NAME)";
				SWIFT_VERSION = 5.0;
				TARGETED_DEVICE_FAMILY = "1,2";
				TEST_HOST = "$(BUILT_PRODUCTS_DIR)/BestBuyVision.app/BestBuyVision";
			};
			name = Release;
		};
		57BA1F0123F9995800350ADB /* Debug */ = {
			isa = XCBuildConfiguration;
			baseConfigurationReference = 382F0C81FE6CB85E2504E797 /* Pods-BestBuyVision-BestBuyVisionUITests.debug.xcconfig */;
			buildSettings = {
				ALWAYS_EMBED_SWIFT_STANDARD_LIBRARIES = YES;
				CODE_SIGN_STYLE = Automatic;
				INFOPLIST_FILE = BestBuyVisionUITests/Info.plist;
				LD_RUNPATH_SEARCH_PATHS = (
					"$(inherited)",
					"@executable_path/Frameworks",
					"@loader_path/Frameworks",
				);
				PRODUCT_BUNDLE_IDENTIFIER = EagleEye.BestBuyVisionUITests;
				PRODUCT_NAME = "$(TARGET_NAME)";
				SWIFT_VERSION = 5.0;
				TARGETED_DEVICE_FAMILY = "1,2";
				TEST_TARGET_NAME = BestBuyVision;
			};
			name = Debug;
		};
		57BA1F0223F9995800350ADB /* Release */ = {
			isa = XCBuildConfiguration;
			baseConfigurationReference = 84AC19D754A28E20EF1FDA65 /* Pods-BestBuyVision-BestBuyVisionUITests.release.xcconfig */;
			buildSettings = {
				ALWAYS_EMBED_SWIFT_STANDARD_LIBRARIES = YES;
				CODE_SIGN_STYLE = Automatic;
				INFOPLIST_FILE = BestBuyVisionUITests/Info.plist;
				LD_RUNPATH_SEARCH_PATHS = (
					"$(inherited)",
					"@executable_path/Frameworks",
					"@loader_path/Frameworks",
				);
				PRODUCT_BUNDLE_IDENTIFIER = EagleEye.BestBuyVisionUITests;
				PRODUCT_NAME = "$(TARGET_NAME)";
				SWIFT_VERSION = 5.0;
				TARGETED_DEVICE_FAMILY = "1,2";
				TEST_TARGET_NAME = BestBuyVision;
			};
			name = Release;
		};
/* End XCBuildConfiguration section */

/* Begin XCConfigurationList section */
		57BA1ECB23F9995500350ADB /* Build configuration list for PBXProject "BestBuyVision" */ = {
			isa = XCConfigurationList;
			buildConfigurations = (
				57BA1EF823F9995800350ADB /* Debug */,
				57BA1EF923F9995800350ADB /* Release */,
			);
			defaultConfigurationIsVisible = 0;
			defaultConfigurationName = Release;
		};
		57BA1EFA23F9995800350ADB /* Build configuration list for PBXNativeTarget "BestBuyVision" */ = {
			isa = XCConfigurationList;
			buildConfigurations = (
				57BA1EFB23F9995800350ADB /* Debug */,
				57BA1EFC23F9995800350ADB /* Release */,
			);
			defaultConfigurationIsVisible = 0;
			defaultConfigurationName = Release;
		};
		57BA1EFD23F9995800350ADB /* Build configuration list for PBXNativeTarget "BestBuyVisionTests" */ = {
			isa = XCConfigurationList;
			buildConfigurations = (
				57BA1EFE23F9995800350ADB /* Debug */,
				57BA1EFF23F9995800350ADB /* Release */,
			);
			defaultConfigurationIsVisible = 0;
			defaultConfigurationName = Release;
		};
		57BA1F0023F9995800350ADB /* Build configuration list for PBXNativeTarget "BestBuyVisionUITests" */ = {
			isa = XCConfigurationList;
			buildConfigurations = (
				57BA1F0123F9995800350ADB /* Debug */,
				57BA1F0223F9995800350ADB /* Release */,
			);
			defaultConfigurationIsVisible = 0;
			defaultConfigurationName = Release;
		};
/* End XCConfigurationList section */
	};
	rootObject = 57BA1EC823F9995500350ADB /* Project object */;
}
