// !$*UTF8*$!
{
	archiveVersion = 1;
	classes = {
	};
	objectVersion = 51;
	objects = {

/* Begin PBXBuildFile section */
		2EB1AA34E8954B2E858D343C /* Pods_BestBuyVision_BestBuyVisionUITests.framework in Frameworks */ = {isa = PBXBuildFile; fileRef = 5472AB3CA540F8CF61BCF82B /* Pods_BestBuyVision_BestBuyVisionUITests.framework */; };
		577ECCA224537AFB007AB88D /* ProductTableViewCell.swift in Sources */ = {isa = PBXBuildFile; fileRef = 577ECCA124537AFB007AB88D /* ProductTableViewCell.swift */; };
		577ECCA42453C77F007AB88D /* Product.swift in Sources */ = {isa = PBXBuildFile; fileRef = 577ECCA32453C77F007AB88D /* Product.swift */; };
		577ECCA62453DA67007AB88D /* Capstone_Image_Classifier.mlmodel in Sources */ = {isa = PBXBuildFile; fileRef = 577ECCA52453DA67007AB88D /* Capstone_Image_Classifier.mlmodel */; };
		57925B7C245A8A6E009FCD27 /* CIFAR.mlmodel in Sources */ = {isa = PBXBuildFile; fileRef = 57925B7B245A8A6E009FCD27 /* CIFAR.mlmodel */; };
		57AC72F22454D6E000F23F43 /* SpinnerExtension.swift in Sources */ = {isa = PBXBuildFile; fileRef = 57AC72F12454D6E000F23F43 /* SpinnerExtension.swift */; };
		57BA1ED423F9995500350ADB /* AppDelegate.swift in Sources */ = {isa = PBXBuildFile; fileRef = 57BA1ED323F9995500350ADB /* AppDelegate.swift */; };
		57BA1ED623F9995500350ADB /* SceneDelegate.swift in Sources */ = {isa = PBXBuildFile; fileRef = 57BA1ED523F9995500350ADB /* SceneDelegate.swift */; };
		57BA1ED823F9995500350ADB /* ViewController.swift in Sources */ = {isa = PBXBuildFile; fileRef = 57BA1ED723F9995500350ADB /* ViewController.swift */; };
		57BA1EDB23F9995500350ADB /* Main.storyboard in Resources */ = {isa = PBXBuildFile; fileRef = 57BA1ED923F9995500350ADB /* Main.storyboard */; };
		57BA1EDD23F9995800350ADB /* Assets.xcassets in Resources */ = {isa = PBXBuildFile; fileRef = 57BA1EDC23F9995800350ADB /* Assets.xcassets */; };
		57BA1EE023F9995800350ADB /* LaunchScreen.storyboard in Resources */ = {isa = PBXBuildFile; fileRef = 57BA1EDE23F9995800350ADB /* LaunchScreen.storyboard */; };
		57BA1EEB23F9995800350ADB /* BestBuyVisionTests.swift in Sources */ = {isa = PBXBuildFile; fileRef = 57BA1EEA23F9995800350ADB /* BestBuyVisionTests.swift */; };
		57BA1EF623F9995800350ADB /* BestBuyVisionUITests.swift in Sources */ = {isa = PBXBuildFile; fileRef = 57BA1EF523F9995800350ADB /* BestBuyVisionUITests.swift */; };
		57BA1F0423FA0BD700350ADB /* UIShadows.swift in Sources */ = {isa = PBXBuildFile; fileRef = 57BA1F0323FA0BD700350ADB /* UIShadows.swift */; };
		57BA1F0823FA0CCE00350ADB /* UIViewAndExtension.swift in Sources */ = {isa = PBXBuildFile; fileRef = 57BA1F0723FA0CCE00350ADB /* UIViewAndExtension.swift */; };
		57BA1F0A23FA0D1300350ADB /* Colors.swift in Sources */ = {isa = PBXBuildFile; fileRef = 57BA1F0923FA0D1300350ADB /* Colors.swift */; };
		57BA1F0C23FA185400350ADB /* SignupViewController.swift in Sources */ = {isa = PBXBuildFile; fileRef = 57BA1F0B23FA185400350ADB /* SignupViewController.swift */; };
		57BA1F0E23FA223700350ADB /* ScanImageViewController.swift in Sources */ = {isa = PBXBuildFile; fileRef = 57BA1F0D23FA223700350ADB /* ScanImageViewController.swift */; };
		7D25AD249D3EB41CD6E0D40D /* Pods_BestBuyVision.framework in Frameworks */ = {isa = PBXBuildFile; fileRef = F313EE5A80FD2C039AB7DC1B /* Pods_BestBuyVision.framework */; };
		A055CCFF7B775CD02F9AB81F /* Pods_BestBuyVisionTests.framework in Frameworks */ = {isa = PBXBuildFile; fileRef = 5DBF56B51AAEA90B739630B5 /* Pods_BestBuyVisionTests.framework */; };
		AE03AC79243F920800BDF48B /* CGImagePropertyOrientation+UIImageOrientation.swift in Sources */ = {isa = PBXBuildFile; fileRef = AE03AC78243F920800BDF48B /* CGImagePropertyOrientation+UIImageOrientation.swift */; };
		AE5C670C245B41CF0055F9F6 /* ProductDescriptionDetailControllerViewController.swift in Sources */ = {isa = PBXBuildFile; fileRef = AE5C670B245B41CF0055F9F6 /* ProductDescriptionDetailControllerViewController.swift */; };
		AEAFA0E12456662700931015 /* GoogleService-Info.plist in Resources */ = {isa = PBXBuildFile; fileRef = AEAFA0E02456662700931015 /* GoogleService-Info.plist */; };
		AEAFA0E32456663E00931015 /* Capstone_Image_Classifier.mlmodel in Sources */ = {isa = PBXBuildFile; fileRef = AEAFA0E22456663D00931015 /* Capstone_Image_Classifier.mlmodel */; };
		AEAFA0E524566C9B00931015 /* User.swift in Sources */ = {isa = PBXBuildFile; fileRef = AEAFA0E424566C9B00931015 /* User.swift */; };
		AEFB8EA924461DA400F89819 /* ProoductsTableViewController.swift in Sources */ = {isa = PBXBuildFile; fileRef = AEFB8EA824461DA400F89819 /* ProoductsTableViewController.swift */; };
/* End PBXBuildFile section */

/* Begin PBXContainerItemProxy section */
		57BA1EE723F9995800350ADB /* PBXContainerItemProxy */ = {
			isa = PBXContainerItemProxy;
			containerPortal = 57BA1EC823F9995500350ADB /* Project object */;
			proxyType = 1;
			remoteGlobalIDString = 57BA1ECF23F9995500350ADB;
			remoteInfo = BestBuyVision;
		};
		57BA1EF223F9995800350ADB /* PBXContainerItemProxy */ = {
			isa = PBXContainerItemProxy;
			containerPortal = 57BA1EC823F9995500350ADB /* Project object */;
			proxyType = 1;
			remoteGlobalIDString = 57BA1ECF23F9995500350ADB;
			remoteInfo = BestBuyVision;
		};
/* End PBXContainerItemProxy section */

/* Begin PBXFileReference section */
		197EE6A797D8C8CAA7429E45 /* Pods-BestBuyVisionTests.release.xcconfig */ = {isa = PBXFileReference; includeInIndex = 1; lastKnownFileType = text.xcconfig; name = "Pods-BestBuyVisionTests.release.xcconfig"; path = "Target Support Files/Pods-BestBuyVisionTests/Pods-BestBuyVisionTests.release.xcconfig"; sourceTree = "<group>"; };
		382F0C81FE6CB85E2504E797 /* Pods-BestBuyVision-BestBuyVisionUITests.debug.xcconfig */ = {isa = PBXFileReference; includeInIndex = 1; lastKnownFileType = text.xcconfig; name = "Pods-BestBuyVision-BestBuyVisionUITests.debug.xcconfig"; path = "Target Support Files/Pods-BestBuyVision-BestBuyVisionUITests/Pods-BestBuyVision-BestBuyVisionUITests.debug.xcconfig"; sourceTree = "<group>"; };
		524B65D0BC7D6BFB0010137A /* Pods-BestBuyVision.release.xcconfig */ = {isa = PBXFileReference; includeInIndex = 1; lastKnownFileType = text.xcconfig; name = "Pods-BestBuyVision.release.xcconfig"; path = "Target Support Files/Pods-BestBuyVision/Pods-BestBuyVision.release.xcconfig"; sourceTree = "<group>"; };
		5472AB3CA540F8CF61BCF82B /* Pods_BestBuyVision_BestBuyVisionUITests.framework */ = {isa = PBXFileReference; explicitFileType = wrapper.framework; includeInIndex = 0; path = Pods_BestBuyVision_BestBuyVisionUITests.framework; sourceTree = BUILT_PRODUCTS_DIR; };
		577ECCA124537AFB007AB88D /* ProductTableViewCell.swift */ = {isa = PBXFileReference; lastKnownFileType = sourcecode.swift; path = ProductTableViewCell.swift; sourceTree = "<group>"; };
		577ECCA32453C77F007AB88D /* Product.swift */ = {isa = PBXFileReference; lastKnownFileType = sourcecode.swift; path = Product.swift; sourceTree = "<group>"; };
		577ECCA52453DA67007AB88D /* Capstone_Image_Classifier.mlmodel */ = {isa = PBXFileReference; lastKnownFileType = file.mlmodel; name = Capstone_Image_Classifier.mlmodel; path = ../../../../Capstone_Image_Classifier.mlmodel; sourceTree = "<group>"; };
		57925B7B245A8A6E009FCD27 /* CIFAR.mlmodel */ = {isa = PBXFileReference; lastKnownFileType = file.mlmodel; name = CIFAR.mlmodel; path = ../../../../CIFAR.mlmodel; sourceTree = "<group>"; };
		57AC72F12454D6E000F23F43 /* SpinnerExtension.swift */ = {isa = PBXFileReference; lastKnownFileType = sourcecode.swift; path = SpinnerExtension.swift; sourceTree = "<group>"; };
		57BA1ED023F9995500350ADB /* BestBuyVision.app */ = {isa = PBXFileReference; explicitFileType = wrapper.application; includeInIndex = 0; path = BestBuyVision.app; sourceTree = BUILT_PRODUCTS_DIR; };
		57BA1ED323F9995500350ADB /* AppDelegate.swift */ = {isa = PBXFileReference; lastKnownFileType = sourcecode.swift; path = AppDelegate.swift; sourceTree = "<group>"; };
		57BA1ED523F9995500350ADB /* SceneDelegate.swift */ = {isa = PBXFileReference; lastKnownFileType = sourcecode.swift; path = SceneDelegate.swift; sourceTree = "<group>"; };
		57BA1ED723F9995500350ADB /* ViewController.swift */ = {isa = PBXFileReference; lastKnownFileType = sourcecode.swift; path = ViewController.swift; sourceTree = "<group>"; };
		57BA1EDA23F9995500350ADB /* Base */ = {isa = PBXFileReference; lastKnownFileType = file.storyboard; name = Base; path = Base.lproj/Main.storyboard; sourceTree = "<group>"; };
		57BA1EDC23F9995800350ADB /* Assets.xcassets */ = {isa = PBXFileReference; lastKnownFileType = folder.assetcatalog; path = Assets.xcassets; sourceTree = "<group>"; };
		57BA1EDF23F9995800350ADB /* Base */ = {isa = PBXFileReference; lastKnownFileType = file.storyboard; name = Base; path = Base.lproj/LaunchScreen.storyboard; sourceTree = "<group>"; };
		57BA1EE123F9995800350ADB /* Info.plist */ = {isa = PBXFileReference; lastKnownFileType = text.plist.xml; path = Info.plist; sourceTree = "<group>"; };
		57BA1EE623F9995800350ADB /* BestBuyVisionTests.xctest */ = {isa = PBXFileReference; explicitFileType = wrapper.cfbundle; includeInIndex = 0; path = BestBuyVisionTests.xctest; sourceTree = BUILT_PRODUCTS_DIR; };
		57BA1EEA23F9995800350ADB /* BestBuyVisionTests.swift */ = {isa = PBXFileReference; lastKnownFileType = sourcecode.swift; path = BestBuyVisionTests.swift; sourceTree = "<group>"; };
		57BA1EEC23F9995800350ADB /* Info.plist */ = {isa = PBXFileReference; lastKnownFileType = text.plist.xml; path = Info.plist; sourceTree = "<group>"; };
		57BA1EF123F9995800350ADB /* BestBuyVisionUITests.xctest */ = {isa = PBXFileReference; explicitFileType = wrapper.cfbundle; includeInIndex = 0; path = BestBuyVisionUITests.xctest; sourceTree = BUILT_PRODUCTS_DIR; };
		57BA1EF523F9995800350ADB /* BestBuyVisionUITests.swift */ = {isa = PBXFileReference; lastKnownFileType = sourcecode.swift; path = BestBuyVisionUITests.swift; sourceTree = "<group>"; };
		57BA1EF723F9995800350ADB /* Info.plist */ = {isa = PBXFileReference; lastKnownFileType = text.plist.xml; path = Info.plist; sourceTree = "<group>"; };
		57BA1F0323FA0BD700350ADB /* UIShadows.swift */ = {isa = PBXFileReference; lastKnownFileType = sourcecode.swift; path = UIShadows.swift; sourceTree = "<group>"; };
		57BA1F0723FA0CCE00350ADB /* UIViewAndExtension.swift */ = {isa = PBXFileReference; lastKnownFileType = sourcecode.swift; path = UIViewAndExtension.swift; sourceTree = "<group>"; };
		57BA1F0923FA0D1300350ADB /* Colors.swift */ = {isa = PBXFileReference; lastKnownFileType = sourcecode.swift; path = Colors.swift; sourceTree = "<group>"; };
		57BA1F0B23FA185400350ADB /* SignupViewController.swift */ = {isa = PBXFileReference; lastKnownFileType = sourcecode.swift; path = SignupViewController.swift; sourceTree = "<group>"; };
		57BA1F0D23FA223700350ADB /* ScanImageViewController.swift */ = {isa = PBXFileReference; lastKnownFileType = sourcecode.swift; path = ScanImageViewController.swift; sourceTree = "<group>"; };
		5DBF56B51AAEA90B739630B5 /* Pods_BestBuyVisionTests.framework */ = {isa = PBXFileReference; explicitFileType = wrapper.framework; includeInIndex = 0; path = Pods_BestBuyVisionTests.framework; sourceTree = BUILT_PRODUCTS_DIR; };
		84AC19D754A28E20EF1FDA65 /* Pods-BestBuyVision-BestBuyVisionUITests.release.xcconfig */ = {isa = PBXFileReference; includeInIndex = 1; lastKnownFileType = text.xcconfig; name = "Pods-BestBuyVision-BestBuyVisionUITests.release.xcconfig"; path = "Target Support Files/Pods-BestBuyVision-BestBuyVisionUITests/Pods-BestBuyVision-BestBuyVisionUITests.release.xcconfig"; sourceTree = "<group>"; };
		8D5AFF8C1FA1A128CC1AC4CC /* Pods-BestBuyVisionTests.debug.xcconfig */ = {isa = PBXFileReference; includeInIndex = 1; lastKnownFileType = text.xcconfig; name = "Pods-BestBuyVisionTests.debug.xcconfig"; path = "Target Support Files/Pods-BestBuyVisionTests/Pods-BestBuyVisionTests.debug.xcconfig"; sourceTree = "<group>"; };
		A35EA5A16B20F759BD1C2F23 /* Pods-BestBuyVision.debug.xcconfig */ = {isa = PBXFileReference; includeInIndex = 1; lastKnownFileType = text.xcconfig; name = "Pods-BestBuyVision.debug.xcconfig"; path = "Target Support Files/Pods-BestBuyVision/Pods-BestBuyVision.debug.xcconfig"; sourceTree = "<group>"; };
		AE03AC78243F920800BDF48B /* CGImagePropertyOrientation+UIImageOrientation.swift */ = {isa = PBXFileReference; lastKnownFileType = sourcecode.swift; path = "CGImagePropertyOrientation+UIImageOrientation.swift"; sourceTree = "<group>"; };
		AE5C670B245B41CF0055F9F6 /* ProductDescriptionDetailControllerViewController.swift */ = {isa = PBXFileReference; lastKnownFileType = sourcecode.swift; path = ProductDescriptionDetailControllerViewController.swift; sourceTree = "<group>"; };
		AEAFA0E02456662700931015 /* GoogleService-Info.plist */ = {isa = PBXFileReference; fileEncoding = 4; lastKnownFileType = text.plist.xml; name = "GoogleService-Info.plist"; path = "../../../Downloads/GoogleService-Info.plist"; sourceTree = "<group>"; };
		AEAFA0E22456663D00931015 /* Capstone_Image_Classifier.mlmodel */ = {isa = PBXFileReference; lastKnownFileType = file.mlmodel; name = Capstone_Image_Classifier.mlmodel; path = ../../../../Downloads/Capstone_Image_Classifier.mlmodel; sourceTree = "<group>"; };
		AEAFA0E424566C9B00931015 /* User.swift */ = {isa = PBXFileReference; lastKnownFileType = sourcecode.swift; path = User.swift; sourceTree = "<group>"; };
		AEFB8EA824461DA400F89819 /* ProoductsTableViewController.swift */ = {isa = PBXFileReference; lastKnownFileType = sourcecode.swift; path = ProoductsTableViewController.swift; sourceTree = "<group>"; };
		F313EE5A80FD2C039AB7DC1B /* Pods_BestBuyVision.framework */ = {isa = PBXFileReference; explicitFileType = wrapper.framework; includeInIndex = 0; path = Pods_BestBuyVision.framework; sourceTree = BUILT_PRODUCTS_DIR; };
/* End PBXFileReference section */

/* Begin PBXFrameworksBuildPhase section */
		57BA1ECD23F9995500350ADB /* Frameworks */ = {
			isa = PBXFrameworksBuildPhase;
			buildActionMask = 2147483647;
			files = (
				7D25AD249D3EB41CD6E0D40D /* Pods_BestBuyVision.framework in Frameworks */,
			);
			runOnlyForDeploymentPostprocessing = 0;
		};
		57BA1EE323F9995800350ADB /* Frameworks */ = {
			isa = PBXFrameworksBuildPhase;
			buildActionMask = 2147483647;
			files = (
				A055CCFF7B775CD02F9AB81F /* Pods_BestBuyVisionTests.framework in Frameworks */,
			);
			runOnlyForDeploymentPostprocessing = 0;
		};
		57BA1EEE23F9995800350ADB /* Frameworks */ = {
			isa = PBXFrameworksBuildPhase;
			buildActionMask = 2147483647;
			files = (
				2EB1AA34E8954B2E858D343C /* Pods_BestBuyVision_BestBuyVisionUITests.framework in Frameworks */,
			);
			runOnlyForDeploymentPostprocessing = 0;
		};
/* End PBXFrameworksBuildPhase section */

/* Begin PBXGroup section */
		3F95D4FEBEFEEE4AC6FCB496 /* Pods */ = {
			isa = PBXGroup;
			children = (
				A35EA5A16B20F759BD1C2F23 /* Pods-BestBuyVision.debug.xcconfig */,
				524B65D0BC7D6BFB0010137A /* Pods-BestBuyVision.release.xcconfig */,
				382F0C81FE6CB85E2504E797 /* Pods-BestBuyVision-BestBuyVisionUITests.debug.xcconfig */,
				84AC19D754A28E20EF1FDA65 /* Pods-BestBuyVision-BestBuyVisionUITests.release.xcconfig */,
				8D5AFF8C1FA1A128CC1AC4CC /* Pods-BestBuyVisionTests.debug.xcconfig */,
				197EE6A797D8C8CAA7429E45 /* Pods-BestBuyVisionTests.release.xcconfig */,
			);
			path = Pods;
			sourceTree = "<group>";
		};
		574178312419E62700970F60 /* View */ = {
			isa = PBXGroup;
			children = (
			);
			path = View;
			sourceTree = "<group>";
		};
		574178322419E62D00970F60 /* Helpers */ = {
			isa = PBXGroup;
			children = (
				57BA1F0323FA0BD700350ADB /* UIShadows.swift */,
				57BA1F0723FA0CCE00350ADB /* UIViewAndExtension.swift */,
				57BA1F0923FA0D1300350ADB /* Colors.swift */,
				57AC72F12454D6E000F23F43 /* SpinnerExtension.swift */,
			);
			path = Helpers;
			sourceTree = "<group>";
		};
		574178332419E63500970F60 /* Controllers */ = {
			isa = PBXGroup;
			children = (
				AE03AC78243F920800BDF48B /* CGImagePropertyOrientation+UIImageOrientation.swift */,
				57BA1ED723F9995500350ADB /* ViewController.swift */,
				57BA1F0D23FA223700350ADB /* ScanImageViewController.swift */,
				577ECCA52453DA67007AB88D /* Capstone_Image_Classifier.mlmodel */,
				57925B7B245A8A6E009FCD27 /* CIFAR.mlmodel */,
				57BA1F0B23FA185400350ADB /* SignupViewController.swift */,
				AEAFA0E22456663D00931015 /* Capstone_Image_Classifier.mlmodel */,
				AEFB8EA824461DA400F89819 /* ProoductsTableViewController.swift */,
				577ECCA124537AFB007AB88D /* ProductTableViewCell.swift */,
				AE5C670B245B41CF0055F9F6 /* ProductDescriptionDetailControllerViewController.swift */,
			);
			path = Controllers;
			sourceTree = "<group>";
		};
		57417838241ABF7800970F60 /* Model */ = {
			isa = PBXGroup;
			children = (
				577ECCA32453C77F007AB88D /* Product.swift */,
				AEAFA0E424566C9B00931015 /* User.swift */,
			);
			path = Model;
			sourceTree = "<group>";
		};
		57BA1EC723F9995500350ADB = {
			isa = PBXGroup;
			children = (
				57BA1ED223F9995500350ADB /* BestBuyVision */,
				57BA1EE923F9995800350ADB /* BestBuyVisionTests */,
				57BA1EF423F9995800350ADB /* BestBuyVisionUITests */,
				57BA1ED123F9995500350ADB /* Products */,
				3F95D4FEBEFEEE4AC6FCB496 /* Pods */,
				62716BC20D260A4D8BCC8702 /* Frameworks */,
			);
			sourceTree = "<group>";
		};
		57BA1ED123F9995500350ADB /* Products */ = {
			isa = PBXGroup;
			children = (
				57BA1ED023F9995500350ADB /* BestBuyVision.app */,
				57BA1EE623F9995800350ADB /* BestBuyVisionTests.xctest */,
				57BA1EF123F9995800350ADB /* BestBuyVisionUITests.xctest */,
			);
			name = Products;
			sourceTree = "<group>";
		};
		57BA1ED223F9995500350ADB /* BestBuyVision */ = {
			isa = PBXGroup;
			children = (
				57417838241ABF7800970F60 /* Model */,
				574178332419E63500970F60 /* Controllers */,
				574178322419E62D00970F60 /* Helpers */,
				574178312419E62700970F60 /* View */,
				57BA1ED323F9995500350ADB /* AppDelegate.swift */,
				AEAFA0E02456662700931015 /* GoogleService-Info.plist */,
				57BA1ED523F9995500350ADB /* SceneDelegate.swift */,
				57BA1ED923F9995500350ADB /* Main.storyboard */,
				57BA1EDC23F9995800350ADB /* Assets.xcassets */,
				57BA1EDE23F9995800350ADB /* LaunchScreen.storyboard */,
				57BA1EE123F9995800350ADB /* Info.plist */,
			);
			path = BestBuyVision;
			sourceTree = "<group>";
		};
		57BA1EE923F9995800350ADB /* BestBuyVisionTests */ = {
			isa = PBXGroup;
			children = (
				57BA1EEA23F9995800350ADB /* BestBuyVisionTests.swift */,
				57BA1EEC23F9995800350ADB /* Info.plist */,
			);
			path = BestBuyVisionTests;
			sourceTree = "<group>";
		};
		57BA1EF423F9995800350ADB /* BestBuyVisionUITests */ = {
			isa = PBXGroup;
			children = (
				57BA1EF523F9995800350ADB /* BestBuyVisionUITests.swift */,
				57BA1EF723F9995800350ADB /* Info.plist */,
			);
			path = BestBuyVisionUITests;
			sourceTree = "<group>";
		};
		62716BC20D260A4D8BCC8702 /* Frameworks */ = {
			isa = PBXGroup;
			children = (
				F313EE5A80FD2C039AB7DC1B /* Pods_BestBuyVision.framework */,
				5472AB3CA540F8CF61BCF82B /* Pods_BestBuyVision_BestBuyVisionUITests.framework */,
				5DBF56B51AAEA90B739630B5 /* Pods_BestBuyVisionTests.framework */,
			);
			name = Frameworks;
			sourceTree = "<group>";
		};
/* End PBXGroup section */

/* Begin PBXNativeTarget section */
		57BA1ECF23F9995500350ADB /* BestBuyVision */ = {
			isa = PBXNativeTarget;
			buildConfigurationList = 57BA1EFA23F9995800350ADB /* Build configuration list for PBXNativeTarget "BestBuyVision" */;
			buildPhases = (
				0E908F867F1F188F1946DBA7 /* [CP] Check Pods Manifest.lock */,
				57BA1ECC23F9995500350ADB /* Sources */,
				57BA1ECD23F9995500350ADB /* Frameworks */,
				57BA1ECE23F9995500350ADB /* Resources */,
				E4724FFD95C5689BC5920C8F /* [CP] Copy Pods Resources */,
				49822B393A2C330E794460C0 /* [CP] Embed Pods Frameworks */,
			);
			buildRules = (
			);
			dependencies = (
			);
			name = BestBuyVision;
			productName = BestBuyVision;
			productReference = 57BA1ED023F9995500350ADB /* BestBuyVision.app */;
			productType = "com.apple.product-type.application";
		};
		57BA1EE523F9995800350ADB /* BestBuyVisionTests */ = {
			isa = PBXNativeTarget;
			buildConfigurationList = 57BA1EFD23F9995800350ADB /* Build configuration list for PBXNativeTarget "BestBuyVisionTests" */;
			buildPhases = (
				2409ACCC2374CEC9795F1312 /* [CP] Check Pods Manifest.lock */,
				57BA1EE223F9995800350ADB /* Sources */,
				57BA1EE323F9995800350ADB /* Frameworks */,
				57BA1EE423F9995800350ADB /* Resources */,
			);
			buildRules = (
			);
			dependencies = (
				57BA1EE823F9995800350ADB /* PBXTargetDependency */,
			);
			name = BestBuyVisionTests;
			productName = BestBuyVisionTests;
			productReference = 57BA1EE623F9995800350ADB /* BestBuyVisionTests.xctest */;
			productType = "com.apple.product-type.bundle.unit-test";
		};
		57BA1EF023F9995800350ADB /* BestBuyVisionUITests */ = {
			isa = PBXNativeTarget;
			buildConfigurationList = 57BA1F0023F9995800350ADB /* Build configuration list for PBXNativeTarget "BestBuyVisionUITests" */;
			buildPhases = (
				0FE58F0314A2B16299523FBA /* [CP] Check Pods Manifest.lock */,
				57BA1EED23F9995800350ADB /* Sources */,
				57BA1EEE23F9995800350ADB /* Frameworks */,
				57BA1EEF23F9995800350ADB /* Resources */,
				3A17B501EADE34FE3DA90D45 /* [CP] Copy Pods Resources */,
				22C0D09CE9E71957BB5CCD7E /* [CP] Embed Pods Frameworks */,
			);
			buildRules = (
			);
			dependencies = (
				57BA1EF323F9995800350ADB /* PBXTargetDependency */,
			);
			name = BestBuyVisionUITests;
			productName = BestBuyVisionUITests;
			productReference = 57BA1EF123F9995800350ADB /* BestBuyVisionUITests.xctest */;
			productType = "com.apple.product-type.bundle.ui-testing";
		};
/* End PBXNativeTarget section */

/* Begin PBXProject section */
		57BA1EC823F9995500350ADB /* Project object */ = {
			isa = PBXProject;
			attributes = {
				LastSwiftUpdateCheck = 1130;
				LastUpgradeCheck = 1130;
				ORGANIZATIONNAME = "Rathin Chopra";
				TargetAttributes = {
					57BA1ECF23F9995500350ADB = {
						CreatedOnToolsVersion = 11.3.1;
					};
					57BA1EE523F9995800350ADB = {
						CreatedOnToolsVersion = 11.3.1;
						TestTargetID = 57BA1ECF23F9995500350ADB;
					};
					57BA1EF023F9995800350ADB = {
						CreatedOnToolsVersion = 11.3.1;
						TestTargetID = 57BA1ECF23F9995500350ADB;
					};
				};
			};
			buildConfigurationList = 57BA1ECB23F9995500350ADB /* Build configuration list for PBXProject "BestBuyVision" */;
			compatibilityVersion = "Xcode 9.3";
			developmentRegion = en;
			hasScannedForEncodings = 0;
			knownRegions = (
				en,
				Base,
			);
			mainGroup = 57BA1EC723F9995500350ADB;
			productRefGroup = 57BA1ED123F9995500350ADB /* Products */;
			projectDirPath = "";
			projectRoot = "";
			targets = (
				57BA1ECF23F9995500350ADB /* BestBuyVision */,
				57BA1EE523F9995800350ADB /* BestBuyVisionTests */,
				57BA1EF023F9995800350ADB /* BestBuyVisionUITests */,
			);
		};
/* End PBXProject section */

/* Begin PBXResourcesBuildPhase section */
		57BA1ECE23F9995500350ADB /* Resources */ = {
			isa = PBXResourcesBuildPhase;
			buildActionMask = 2147483647;
			files = (
				57BA1EE023F9995800350ADB /* LaunchScreen.storyboard in Resources */,
				AEAFA0E12456662700931015 /* GoogleService-Info.plist in Resources */,
				57BA1EDD23F9995800350ADB /* Assets.xcassets in Resources */,
				57BA1EDB23F9995500350ADB /* Main.storyboard in Resources */,
			);
			runOnlyForDeploymentPostprocessing = 0;
		};
		57BA1EE423F9995800350ADB /* Resources */ = {
			isa = PBXResourcesBuildPhase;
			buildActionMask = 2147483647;
			files = (
			);
			runOnlyForDeploymentPostprocessing = 0;
		};
		57BA1EEF23F9995800350ADB /* Resources */ = {
			isa = PBXResourcesBuildPhase;
			buildActionMask = 2147483647;
			files = (
			);
			runOnlyForDeploymentPostprocessing = 0;
		};
/* End PBXResourcesBuildPhase section */

/* Begin PBXShellScriptBuildPhase section */
		0E908F867F1F188F1946DBA7 /* [CP] Check Pods Manifest.lock */ = {
			isa = PBXShellScriptBuildPhase;
			buildActionMask = 2147483647;
			files = (
			);
			inputFileListPaths = (
			);
			inputPaths = (
				"${PODS_PODFILE_DIR_PATH}/Podfile.lock",
				"${PODS_ROOT}/Manifest.lock",
			);
			name = "[CP] Check Pods Manifest.lock";
			outputFileListPaths = (
			);
			outputPaths = (
				"$(DERIVED_FILE_DIR)/Pods-BestBuyVision-checkManifestLockResult.txt",
			);
			runOnlyForDeploymentPostprocessing = 0;
			shellPath = /bin/sh;
			shellScript = "diff \"${PODS_PODFILE_DIR_PATH}/Podfile.lock\" \"${PODS_ROOT}/Manifest.lock\" > /dev/null\nif [ $? != 0 ] ; then\n    # print error to STDERR\n    echo \"error: The sandbox is not in sync with the Podfile.lock. Run 'pod install' or update your CocoaPods installation.\" >&2\n    exit 1\nfi\n# This output is used by Xcode 'outputs' to avoid re-running this script phase.\necho \"SUCCESS\" > \"${SCRIPT_OUTPUT_FILE_0}\"\n";
			showEnvVarsInLog = 0;
		};
		0FE58F0314A2B16299523FBA /* [CP] Check Pods Manifest.lock */ = {
			isa = PBXShellScriptBuildPhase;
			buildActionMask = 2147483647;
			files = (
			);
			inputFileListPaths = (
			);
			inputPaths = (
				"${PODS_PODFILE_DIR_PATH}/Podfile.lock",
				"${PODS_ROOT}/Manifest.lock",
			);
			name = "[CP] Check Pods Manifest.lock";
			outputFileListPaths = (
			);
			outputPaths = (
				"$(DERIVED_FILE_DIR)/Pods-BestBuyVision-BestBuyVisionUITests-checkManifestLockResult.txt",
			);
			runOnlyForDeploymentPostprocessing = 0;
			shellPath = /bin/sh;
			shellScript = "diff \"${PODS_PODFILE_DIR_PATH}/Podfile.lock\" \"${PODS_ROOT}/Manifest.lock\" > /dev/null\nif [ $? != 0 ] ; then\n    # print error to STDERR\n    echo \"error: The sandbox is not in sync with the Podfile.lock. Run 'pod install' or update your CocoaPods installation.\" >&2\n    exit 1\nfi\n# This output is used by Xcode 'outputs' to avoid re-running this script phase.\necho \"SUCCESS\" > \"${SCRIPT_OUTPUT_FILE_0}\"\n";
			showEnvVarsInLog = 0;
		};
		22C0D09CE9E71957BB5CCD7E /* [CP] Embed Pods Frameworks */ = {
			isa = PBXShellScriptBuildPhase;
			buildActionMask = 2147483647;
			files = (
			);
			inputFileListPaths = (
				"${PODS_ROOT}/Target Support Files/Pods-BestBuyVision-BestBuyVisionUITests/Pods-BestBuyVision-BestBuyVisionUITests-frameworks-${CONFIGURATION}-input-files.xcfilelist",
			);
			name = "[CP] Embed Pods Frameworks";
			outputFileListPaths = (
				"${PODS_ROOT}/Target Support Files/Pods-BestBuyVision-BestBuyVisionUITests/Pods-BestBuyVision-BestBuyVisionUITests-frameworks-${CONFIGURATION}-output-files.xcfilelist",
			);
			runOnlyForDeploymentPostprocessing = 0;
			shellPath = /bin/sh;
			shellScript = "\"${PODS_ROOT}/Target Support Files/Pods-BestBuyVision-BestBuyVisionUITests/Pods-BestBuyVision-BestBuyVisionUITests-frameworks.sh\"\n";
			showEnvVarsInLog = 0;
		};
		2409ACCC2374CEC9795F1312 /* [CP] Check Pods Manifest.lock */ = {
			isa = PBXShellScriptBuildPhase;
			buildActionMask = 2147483647;
			files = (
			);
			inputFileListPaths = (
			);
			inputPaths = (
				"${PODS_PODFILE_DIR_PATH}/Podfile.lock",
				"${PODS_ROOT}/Manifest.lock",
			);
			name = "[CP] Check Pods Manifest.lock";
			outputFileListPaths = (
			);
			outputPaths = (
				"$(DERIVED_FILE_DIR)/Pods-BestBuyVisionTests-checkManifestLockResult.txt",
			);
			runOnlyForDeploymentPostprocessing = 0;
			shellPath = /bin/sh;
			shellScript = "diff \"${PODS_PODFILE_DIR_PATH}/Podfile.lock\" \"${PODS_ROOT}/Manifest.lock\" > /dev/null\nif [ $? != 0 ] ; then\n    # print error to STDERR\n    echo \"error: The sandbox is not in sync with the Podfile.lock. Run 'pod install' or update your CocoaPods installation.\" >&2\n    exit 1\nfi\n# This output is used by Xcode 'outputs' to avoid re-running this script phase.\necho \"SUCCESS\" > \"${SCRIPT_OUTPUT_FILE_0}\"\n";
			showEnvVarsInLog = 0;
		};
		3A17B501EADE34FE3DA90D45 /* [CP] Copy Pods Resources */ = {
			isa = PBXShellScriptBuildPhase;
			buildActionMask = 2147483647;
			files = (
			);
			inputFileListPaths = (
				"${PODS_ROOT}/Target Support Files/Pods-BestBuyVision-BestBuyVisionUITests/Pods-BestBuyVision-BestBuyVisionUITests-resources-${CONFIGURATION}-input-files.xcfilelist",
			);
			name = "[CP] Copy Pods Resources";
			outputFileListPaths = (
				"${PODS_ROOT}/Target Support Files/Pods-BestBuyVision-BestBuyVisionUITests/Pods-BestBuyVision-BestBuyVisionUITests-resources-${CONFIGURATION}-output-files.xcfilelist",
			);
			runOnlyForDeploymentPostprocessing = 0;
			shellPath = /bin/sh;
			shellScript = "\"${PODS_ROOT}/Target Support Files/Pods-BestBuyVision-BestBuyVisionUITests/Pods-BestBuyVision-BestBuyVisionUITests-resources.sh\"\n";
			showEnvVarsInLog = 0;
		};
		49822B393A2C330E794460C0 /* [CP] Embed Pods Frameworks */ = {
			isa = PBXShellScriptBuildPhase;
			buildActionMask = 2147483647;
			files = (
			);
			inputFileListPaths = (
				"${PODS_ROOT}/Target Support Files/Pods-BestBuyVision/Pods-BestBuyVision-frameworks-${CONFIGURATION}-input-files.xcfilelist",
			);
			name = "[CP] Embed Pods Frameworks";
			outputFileListPaths = (
				"${PODS_ROOT}/Target Support Files/Pods-BestBuyVision/Pods-BestBuyVision-frameworks-${CONFIGURATION}-output-files.xcfilelist",
			);
			runOnlyForDeploymentPostprocessing = 0;
			shellPath = /bin/sh;
			shellScript = "\"${PODS_ROOT}/Target Support Files/Pods-BestBuyVision/Pods-BestBuyVision-frameworks.sh\"\n";
			showEnvVarsInLog = 0;
		};
		E4724FFD95C5689BC5920C8F /* [CP] Copy Pods Resources */ = {
			isa = PBXShellScriptBuildPhase;
			buildActionMask = 2147483647;
			files = (
			);
			inputFileListPaths = (
				"${PODS_ROOT}/Target Support Files/Pods-BestBuyVision/Pods-BestBuyVision-resources-${CONFIGURATION}-input-files.xcfilelist",
			);
			name = "[CP] Copy Pods Resources";
			outputFileListPaths = (
				"${PODS_ROOT}/Target Support Files/Pods-BestBuyVision/Pods-BestBuyVision-resources-${CONFIGURATION}-output-files.xcfilelist",
			);
			runOnlyForDeploymentPostprocessing = 0;
			shellPath = /bin/sh;
			shellScript = "\"${PODS_ROOT}/Target Support Files/Pods-BestBuyVision/Pods-BestBuyVision-resources.sh\"\n";
			showEnvVarsInLog = 0;
		};
/* End PBXShellScriptBuildPhase section */

/* Begin PBXSourcesBuildPhase section */
		57BA1ECC23F9995500350ADB /* Sources */ = {
			isa = PBXSourcesBuildPhase;
			buildActionMask = 2147483647;
			files = (
				57BA1ED823F9995500350ADB /* ViewController.swift in Sources */,
				57BA1F0C23FA185400350ADB /* SignupViewController.swift in Sources */,
				57BA1F0A23FA0D1300350ADB /* Colors.swift in Sources */,
				57BA1F0423FA0BD700350ADB /* UIShadows.swift in Sources */,
				57925B7C245A8A6E009FCD27 /* CIFAR.mlmodel in Sources */,
				577ECCA62453DA67007AB88D /* Capstone_Image_Classifier.mlmodel in Sources */,
				AE03AC79243F920800BDF48B /* CGImagePropertyOrientation+UIImageOrientation.swift in Sources */,
				577ECCA224537AFB007AB88D /* ProductTableViewCell.swift in Sources */,
				57BA1ED423F9995500350ADB /* AppDelegate.swift in Sources */,
				57BA1F0823FA0CCE00350ADB /* UIViewAndExtension.swift in Sources */,
				AEAFA0E524566C9B00931015 /* User.swift in Sources */,
				AEAFA0E32456663E00931015 /* Capstone_Image_Classifier.mlmodel in Sources */,
				57BA1ED623F9995500350ADB /* SceneDelegate.swift in Sources */,
				AEFB8EA924461DA400F89819 /* ProoductsTableViewController.swift in Sources */,
				AE5C670C245B41CF0055F9F6 /* ProductDescriptionDetailControllerViewController.swift in Sources */,
				57AC72F22454D6E000F23F43 /* SpinnerExtension.swift in Sources */,
				57BA1F0E23FA223700350ADB /* ScanImageViewController.swift in Sources */,
				577ECCA42453C77F007AB88D /* Product.swift in Sources */,
			);
			runOnlyForDeploymentPostprocessing = 0;
		};
		57BA1EE223F9995800350ADB /* Sources */ = {
			isa = PBXSourcesBuildPhase;
			buildActionMask = 2147483647;
			files = (
				57BA1EEB23F9995800350ADB /* BestBuyVisionTests.swift in Sources */,
			);
			runOnlyForDeploymentPostprocessing = 0;
		};
		57BA1EED23F9995800350ADB /* Sources */ = {
			isa = PBXSourcesBuildPhase;
			buildActionMask = 2147483647;
			files = (
				57BA1EF623F9995800350ADB /* BestBuyVisionUITests.swift in Sources */,
			);
			runOnlyForDeploymentPostprocessing = 0;
		};
/* End PBXSourcesBuildPhase section */

/* Begin PBXTargetDependency section */
		57BA1EE823F9995800350ADB /* PBXTargetDependency */ = {
			isa = PBXTargetDependency;
			target = 57BA1ECF23F9995500350ADB /* BestBuyVision */;
			targetProxy = 57BA1EE723F9995800350ADB /* PBXContainerItemProxy */;
		};
		57BA1EF323F9995800350ADB /* PBXTargetDependency */ = {
			isa = PBXTargetDependency;
			target = 57BA1ECF23F9995500350ADB /* BestBuyVision */;
			targetProxy = 57BA1EF223F9995800350ADB /* PBXContainerItemProxy */;
		};
/* End PBXTargetDependency section */

/* Begin PBXVariantGroup section */
		57BA1ED923F9995500350ADB /* Main.storyboard */ = {
			isa = PBXVariantGroup;
			children = (
				57BA1EDA23F9995500350ADB /* Base */,
			);
			name = Main.storyboard;
			sourceTree = "<group>";
		};
		57BA1EDE23F9995800350ADB /* LaunchScreen.storyboard */ = {
			isa = PBXVariantGroup;
			children = (
				57BA1EDF23F9995800350ADB /* Base */,
			);
			name = LaunchScreen.storyboard;
			sourceTree = "<group>";
		};
/* End PBXVariantGroup section */

/* Begin XCBuildConfiguration section */
		57BA1EF823F9995800350ADB /* Debug */ = {
			isa = XCBuildConfiguration;
			buildSettings = {
				ALWAYS_SEARCH_USER_PATHS = NO;
				CLANG_ANALYZER_NONNULL = YES;
				CLANG_ANALYZER_NUMBER_OBJECT_CONVERSION = YES_AGGRESSIVE;
				CLANG_CXX_LANGUAGE_STANDARD = "gnu++14";
				CLANG_CXX_LIBRARY = "libc++";
				CLANG_ENABLE_MODULES = YES;
				CLANG_ENABLE_OBJC_ARC = YES;
				CLANG_ENABLE_OBJC_WEAK = YES;
				CLANG_WARN_BLOCK_CAPTURE_AUTORELEASING = YES;
				CLANG_WARN_BOOL_CONVERSION = YES;
				CLANG_WARN_COMMA = YES;
				CLANG_WARN_CONSTANT_CONVERSION = YES;
				CLANG_WARN_DEPRECATED_OBJC_IMPLEMENTATIONS = YES;
				CLANG_WARN_DIRECT_OBJC_ISA_USAGE = YES_ERROR;
				CLANG_WARN_DOCUMENTATION_COMMENTS = YES;
				CLANG_WARN_EMPTY_BODY = YES;
				CLANG_WARN_ENUM_CONVERSION = YES;
				CLANG_WARN_INFINITE_RECURSION = YES;
				CLANG_WARN_INT_CONVERSION = YES;
				CLANG_WARN_NON_LITERAL_NULL_CONVERSION = YES;
				CLANG_WARN_OBJC_IMPLICIT_RETAIN_SELF = YES;
				CLANG_WARN_OBJC_LITERAL_CONVERSION = YES;
				CLANG_WARN_OBJC_ROOT_CLASS = YES_ERROR;
				CLANG_WARN_RANGE_LOOP_ANALYSIS = YES;
				CLANG_WARN_STRICT_PROTOTYPES = YES;
				CLANG_WARN_SUSPICIOUS_MOVE = YES;
				CLANG_WARN_UNGUARDED_AVAILABILITY = YES_AGGRESSIVE;
				CLANG_WARN_UNREACHABLE_CODE = YES;
				CLANG_WARN__DUPLICATE_METHOD_MATCH = YES;
				COPY_PHASE_STRIP = NO;
				DEBUG_INFORMATION_FORMAT = dwarf;
				ENABLE_STRICT_OBJC_MSGSEND = YES;
				ENABLE_TESTABILITY = YES;
				GCC_C_LANGUAGE_STANDARD = gnu11;
				GCC_DYNAMIC_NO_PIC = NO;
				GCC_NO_COMMON_BLOCKS = YES;
				GCC_OPTIMIZATION_LEVEL = 0;
				GCC_PREPROCESSOR_DEFINITIONS = (
					"DEBUG=1",
					"$(inherited)",
				);
				GCC_WARN_64_TO_32_BIT_CONVERSION = YES;
				GCC_WARN_ABOUT_RETURN_TYPE = YES_ERROR;
				GCC_WARN_UNDECLARED_SELECTOR = YES;
				GCC_WARN_UNINITIALIZED_AUTOS = YES_AGGRESSIVE;
				GCC_WARN_UNUSED_FUNCTION = YES;
				GCC_WARN_UNUSED_VARIABLE = YES;
				IPHONEOS_DEPLOYMENT_TARGET = 13.2;
				MTL_ENABLE_DEBUG_INFO = INCLUDE_SOURCE;
				MTL_FAST_MATH = YES;
				ONLY_ACTIVE_ARCH = YES;
				SDKROOT = iphoneos;
				SWIFT_ACTIVE_COMPILATION_CONDITIONS = DEBUG;
				SWIFT_OPTIMIZATION_LEVEL = "-Onone";
			};
			name = Debug;
		};
		57BA1EF923F9995800350ADB /* Release */ = {
			isa = XCBuildConfiguration;
			buildSettings = {
				ALWAYS_SEARCH_USER_PATHS = NO;
				CLANG_ANALYZER_NONNULL = YES;
				CLANG_ANALYZER_NUMBER_OBJECT_CONVERSION = YES_AGGRESSIVE;
				CLANG_CXX_LANGUAGE_STANDARD = "gnu++14";
				CLANG_CXX_LIBRARY = "libc++";
				CLANG_ENABLE_MODULES = YES;
				CLANG_ENABLE_OBJC_ARC = YES;
				CLANG_ENABLE_OBJC_WEAK = YES;
				CLANG_WARN_BLOCK_CAPTURE_AUTORELEASING = YES;
				CLANG_WARN_BOOL_CONVERSION = YES;
				CLANG_WARN_COMMA = YES;
				CLANG_WARN_CONSTANT_CONVERSION = YES;
				CLANG_WARN_DEPRECATED_OBJC_IMPLEMENTATIONS = YES;
				CLANG_WARN_DIRECT_OBJC_ISA_USAGE = YES_ERROR;
				CLANG_WARN_DOCUMENTATION_COMMENTS = YES;
				CLANG_WARN_EMPTY_BODY = YES;
				CLANG_WARN_ENUM_CONVERSION = YES;
				CLANG_WARN_INFINITE_RECURSION = YES;
				CLANG_WARN_INT_CONVERSION = YES;
				CLANG_WARN_NON_LITERAL_NULL_CONVERSION = YES;
				CLANG_WARN_OBJC_IMPLICIT_RETAIN_SELF = YES;
				CLANG_WARN_OBJC_LITERAL_CONVERSION = YES;
				CLANG_WARN_OBJC_ROOT_CLASS = YES_ERROR;
				CLANG_WARN_RANGE_LOOP_ANALYSIS = YES;
				CLANG_WARN_STRICT_PROTOTYPES = YES;
				CLANG_WARN_SUSPICIOUS_MOVE = YES;
				CLANG_WARN_UNGUARDED_AVAILABILITY = YES_AGGRESSIVE;
				CLANG_WARN_UNREACHABLE_CODE = YES;
				CLANG_WARN__DUPLICATE_METHOD_MATCH = YES;
				COPY_PHASE_STRIP = NO;
				DEBUG_INFORMATION_FORMAT = "dwarf-with-dsym";
				ENABLE_NS_ASSERTIONS = NO;
				ENABLE_STRICT_OBJC_MSGSEND = YES;
				GCC_C_LANGUAGE_STANDARD = gnu11;
				GCC_NO_COMMON_BLOCKS = YES;
				GCC_WARN_64_TO_32_BIT_CONVERSION = YES;
				GCC_WARN_ABOUT_RETURN_TYPE = YES_ERROR;
				GCC_WARN_UNDECLARED_SELECTOR = YES;
				GCC_WARN_UNINITIALIZED_AUTOS = YES_AGGRESSIVE;
				GCC_WARN_UNUSED_FUNCTION = YES;
				GCC_WARN_UNUSED_VARIABLE = YES;
				IPHONEOS_DEPLOYMENT_TARGET = 13.2;
				MTL_ENABLE_DEBUG_INFO = NO;
				MTL_FAST_MATH = YES;
				SDKROOT = iphoneos;
				SWIFT_COMPILATION_MODE = wholemodule;
				SWIFT_OPTIMIZATION_LEVEL = "-O";
				VALIDATE_PRODUCT = YES;
			};
			name = Release;
		};
		57BA1EFB23F9995800350ADB /* Debug */ = {
			isa = XCBuildConfiguration;
			baseConfigurationReference = A35EA5A16B20F759BD1C2F23 /* Pods-BestBuyVision.debug.xcconfig */;
			buildSettings = {
				ASSETCATALOG_COMPILER_APPICON_NAME = AppIcon;
				CODE_SIGN_STYLE = Automatic;
				DEVELOPMENT_TEAM = R9N5FV6Q6G;
				INFOPLIST_FILE = BestBuyVision/Info.plist;
				LD_RUNPATH_SEARCH_PATHS = (
					"$(inherited)",
					"@executable_path/Frameworks",
				);
				PRODUCT_BUNDLE_IDENTIFIER = EagleEye.BestBuyVision;
				PRODUCT_NAME = "$(TARGET_NAME)";
				SWIFT_VERSION = 5.0;
				TARGETED_DEVICE_FAMILY = "1,2";
			};
			name = Debug;
		};
		57BA1EFC23F9995800350ADB /* Release */ = {
			isa = XCBuildConfiguration;
			baseConfigurationReference = 524B65D0BC7D6BFB0010137A /* Pods-BestBuyVision.release.xcconfig */;
			buildSettings = {
				ASSETCATALOG_COMPILER_APPICON_NAME = AppIcon;
				CODE_SIGN_STYLE = Automatic;
				DEVELOPMENT_TEAM = R9N5FV6Q6G;
				INFOPLIST_FILE = BestBuyVision/Info.plist;
				LD_RUNPATH_SEARCH_PATHS = (
					"$(inherited)",
					"@executable_path/Frameworks",
				);
				PRODUCT_BUNDLE_IDENTIFIER = EagleEye.BestBuyVision;
				PRODUCT_NAME = "$(TARGET_NAME)";
				SWIFT_VERSION = 5.0;
				TARGETED_DEVICE_FAMILY = "1,2";
			};
			name = Release;
		};
		57BA1EFE23F9995800350ADB /* Debug */ = {
			isa = XCBuildConfiguration;
			baseConfigurationReference = 8D5AFF8C1FA1A128CC1AC4CC /* Pods-BestBuyVisionTests.debug.xcconfig */;
			buildSettings = {
				ALWAYS_EMBED_SWIFT_STANDARD_LIBRARIES = YES;
				BUNDLE_LOADER = "$(TEST_HOST)";
				CODE_SIGN_STYLE = Automatic;
				INFOPLIST_FILE = BestBuyVisionTests/Info.plist;
				IPHONEOS_DEPLOYMENT_TARGET = 13.2;
				LD_RUNPATH_SEARCH_PATHS = (
					"$(inherited)",
					"@executable_path/Frameworks",
					"@loader_path/Frameworks",
				);
				PRODUCT_BUNDLE_IDENTIFIER = EagleEye.BestBuyVisionTests;
				PRODUCT_NAME = "$(TARGET_NAME)";
				SWIFT_VERSION = 5.0;
				TARGETED_DEVICE_FAMILY = "1,2";
				TEST_HOST = "$(BUILT_PRODUCTS_DIR)/BestBuyVision.app/BestBuyVision";
			};
			name = Debug;
		};
		57BA1EFF23F9995800350ADB /* Release */ = {
			isa = XCBuildConfiguration;
			baseConfigurationReference = 197EE6A797D8C8CAA7429E45 /* Pods-BestBuyVisionTests.release.xcconfig */;
			buildSettings = {
				ALWAYS_EMBED_SWIFT_STANDARD_LIBRARIES = YES;
				BUNDLE_LOADER = "$(TEST_HOST)";
				CODE_SIGN_STYLE = Automatic;
				INFOPLIST_FILE = BestBuyVisionTests/Info.plist;
				IPHONEOS_DEPLOYMENT_TARGET = 13.2;
				LD_RUNPATH_SEARCH_PATHS = (
					"$(inherited)",
					"@executable_path/Frameworks",
					"@loader_path/Frameworks",
				);
				PRODUCT_BUNDLE_IDENTIFIER = EagleEye.BestBuyVisionTests;
				PRODUCT_NAME = "$(TARGET_NAME)";
				SWIFT_VERSION = 5.0;
				TARGETED_DEVICE_FAMILY = "1,2";
				TEST_HOST = "$(BUILT_PRODUCTS_DIR)/BestBuyVision.app/BestBuyVision";
			};
			name = Release;
		};
		57BA1F0123F9995800350ADB /* Debug */ = {
			isa = XCBuildConfiguration;
			baseConfigurationReference = 382F0C81FE6CB85E2504E797 /* Pods-BestBuyVision-BestBuyVisionUITests.debug.xcconfig */;
			buildSettings = {
				ALWAYS_EMBED_SWIFT_STANDARD_LIBRARIES = YES;
				CODE_SIGN_STYLE = Automatic;
				INFOPLIST_FILE = BestBuyVisionUITests/Info.plist;
				LD_RUNPATH_SEARCH_PATHS = (
					"$(inherited)",
					"@executable_path/Frameworks",
					"@loader_path/Frameworks",
				);
				PRODUCT_BUNDLE_IDENTIFIER = EagleEye.BestBuyVisionUITests;
				PRODUCT_NAME = "$(TARGET_NAME)";
				SWIFT_VERSION = 5.0;
				TARGETED_DEVICE_FAMILY = "1,2";
				TEST_TARGET_NAME = BestBuyVision;
			};
			name = Debug;
		};
		57BA1F0223F9995800350ADB /* Release */ = {
			isa = XCBuildConfiguration;
			baseConfigurationReference = 84AC19D754A28E20EF1FDA65 /* Pods-BestBuyVision-BestBuyVisionUITests.release.xcconfig */;
			buildSettings = {
				ALWAYS_EMBED_SWIFT_STANDARD_LIBRARIES = YES;
				CODE_SIGN_STYLE = Automatic;
				INFOPLIST_FILE = BestBuyVisionUITests/Info.plist;
				LD_RUNPATH_SEARCH_PATHS = (
					"$(inherited)",
					"@executable_path/Frameworks",
					"@loader_path/Frameworks",
				);
				PRODUCT_BUNDLE_IDENTIFIER = EagleEye.BestBuyVisionUITests;
				PRODUCT_NAME = "$(TARGET_NAME)";
				SWIFT_VERSION = 5.0;
				TARGETED_DEVICE_FAMILY = "1,2";
				TEST_TARGET_NAME = BestBuyVision;
			};
			name = Release;
		};
/* End XCBuildConfiguration section */

/* Begin XCConfigurationList section */
		57BA1ECB23F9995500350ADB /* Build configuration list for PBXProject "BestBuyVision" */ = {
			isa = XCConfigurationList;
			buildConfigurations = (
				57BA1EF823F9995800350ADB /* Debug */,
				57BA1EF923F9995800350ADB /* Release */,
			);
			defaultConfigurationIsVisible = 0;
			defaultConfigurationName = Release;
		};
		57BA1EFA23F9995800350ADB /* Build configuration list for PBXNativeTarget "BestBuyVision" */ = {
			isa = XCConfigurationList;
			buildConfigurations = (
				57BA1EFB23F9995800350ADB /* Debug */,
				57BA1EFC23F9995800350ADB /* Release */,
			);
			defaultConfigurationIsVisible = 0;
			defaultConfigurationName = Release;
		};
		57BA1EFD23F9995800350ADB /* Build configuration list for PBXNativeTarget "BestBuyVisionTests" */ = {
			isa = XCConfigurationList;
			buildConfigurations = (
				57BA1EFE23F9995800350ADB /* Debug */,
				57BA1EFF23F9995800350ADB /* Release */,
			);
			defaultConfigurationIsVisible = 0;
			defaultConfigurationName = Release;
		};
		57BA1F0023F9995800350ADB /* Build configuration list for PBXNativeTarget "BestBuyVisionUITests" */ = {
			isa = XCConfigurationList;
			buildConfigurations = (
				57BA1F0123F9995800350ADB /* Debug */,
				57BA1F0223F9995800350ADB /* Release */,
			);
			defaultConfigurationIsVisible = 0;
			defaultConfigurationName = Release;
		};
/* End XCConfigurationList section */
	};
	rootObject = 57BA1EC823F9995500350ADB /* Project object */;
}
